
Microsoft Visual Studio Solution File, Format Version 12.00
# Visual Studio Version 16
VisualStudioVersion = 16.0.30523.141
MinimumVisualStudioVersion = 10.0.40219.1
Project("{9A19103F-16F7-4668-BE54-9A1E7A4F7556}") = "You're a square", "You're a square\You're a square.csproj", "{5CA03EFB-A22B-4BE9-B565-BE60D9B755AC}"
EndProject
Project("{9A19103F-16F7-4668-BE54-9A1E7A4F7556}") = "Regex validate PIN code", "Regex validate PIN code\Regex validate PIN code.csproj", "{2904894C-1CE1-4ED8-950D-EBBF59E66991}"
EndProject
Project("{9A19103F-16F7-4668-BE54-9A1E7A4F7556}") = "Bit Counting", "Bit Counting\Bit Counting.csproj", "{5CB8A23B-3CB8-4AE9-88DC-47C2BCC71832}"
EndProject
Project("{9A19103F-16F7-4668-BE54-9A1E7A4F7556}") = "Find the parity outlier", "Find the parity outlier\Find the parity outlier.csproj", "{9FD3BE93-44D7-4E52-BF51-D1ED42EFDB0F}"
EndProject
Project("{9A19103F-16F7-4668-BE54-9A1E7A4F7556}") = "Take a ten minutes walk", "Take a ten minutes walk\Take a ten minutes walk.csproj", "{C7024BDB-7B97-4659-98B6-60B40BA5B0A7}"
EndProject
Project("{9A19103F-16F7-4668-BE54-9A1E7A4F7556}") = "Sum of digits Digital root", "Sum of digits Digital root\Sum of digits Digital root.csproj", "{5A27A0E2-2FB9-410D-855D-26909B4DE205}"
EndProject
Project("{9A19103F-16F7-4668-BE54-9A1E7A4F7556}") = "Convert string to camel case", "Convert string to camel case\Convert string to camel case.csproj", "{E5FA2C5D-5049-42FD-9950-8C53A8C962EA}"
EndProject
Project("{9A19103F-16F7-4668-BE54-9A1E7A4F7556}") = "Delete occurrences of an element if it occurs more than n times", "Delete occurrences of an element if it occurs more than n times\Delete occurrences of an element if it occurs more than n times.csproj", "{1D86765A-0520-4E6C-89AD-17D19EC4A7D6}"
EndProject
Project("{9A19103F-16F7-4668-BE54-9A1E7A4F7556}") = "Greed Is Good", "Greed Is Good\Greed Is Good.csproj", "{382C4A97-F369-4DF0-AA4B-A6F56190E652}"
EndProject
Project("{9A19103F-16F7-4668-BE54-9A1E7A4F7556}") = "Unique In Order", "Unique In Order\Unique In Order.csproj", "{4C6BA641-6815-4961-97A9-CD1D08D192C8}"
EndProject
Project("{9A19103F-16F7-4668-BE54-9A1E7A4F7556}") = "Permutations", "Permutations\Permutations.csproj", "{9F3EB2E8-15EB-4629-88E4-16E989E18F9F}"
EndProject
Project("{9A19103F-16F7-4668-BE54-9A1E7A4F7556}") = "Valid Parentheses", "Valid Parentheses\Valid Parentheses.csproj", "{61782AAF-1954-47BD-AB1C-D3A2921CB4BE}"
EndProject
Project("{9A19103F-16F7-4668-BE54-9A1E7A4F7556}") = "Josephus Survivor", "Josephus Survivor\Josephus Survivor.csproj", "{725989DF-F1B6-4881-B4B0-6594A52DB2CB}"
EndProject
Project("{9A19103F-16F7-4668-BE54-9A1E7A4F7556}") = "Scramblies", "Scramblies\Scramblies.csproj", "{81698621-E7A3-41E7-A0EB-C3DA10F064D6}"
EndProject
Project("{9A19103F-16F7-4668-BE54-9A1E7A4F7556}") = "Convert PascalCase string into snake_case", "Convert PascalCase string into snake_case\Convert PascalCase string into snake_case.csproj", "{DB1BC8AF-0206-4FB9-8701-0E1E57829125}"
EndProject
Project("{9A19103F-16F7-4668-BE54-9A1E7A4F7556}") = "Twice linear", "Twice linear\Twice linear.csproj", "{482B27AA-2FC4-4491-AE37-EA745896F164}"
EndProject
Project("{9A19103F-16F7-4668-BE54-9A1E7A4F7556}") = "First non-repeating character", "First non-repeating character\First non-repeating character.csproj", "{7AECC0A0-2056-4A56-8519-358FCBF5620E}"
EndProject
Project("{9A19103F-16F7-4668-BE54-9A1E7A4F7556}") = "Rot13", "Rot13\Rot13.csproj", "{66B9D1A0-56D6-4858-9165-B4F927121C91}"
EndProject
Project("{9A19103F-16F7-4668-BE54-9A1E7A4F7556}") = "What's a Perfect Power anyway", "What's a Perfect Power anyway\What's a Perfect Power anyway.csproj", "{E18A1DA0-13A0-47F7-897A-5FB0E45CA791}"
EndProject
Project("{9A19103F-16F7-4668-BE54-9A1E7A4F7556}") = "Double Cola", "Double Cola\Double Cola.csproj", "{0B9C405A-898A-4AE9-AB92-B9797248541C}"
EndProject
Project("{9A19103F-16F7-4668-BE54-9A1E7A4F7556}") = "Sudoku Solution Validator", "Sudoku Solution Validator\Sudoku Solution Validator.csproj", "{38C036F6-44CE-453A-B34D-0693D8B72DCE}"
EndProject
Project("{9A19103F-16F7-4668-BE54-9A1E7A4F7556}") = "Range Exctraction", "Range Exctraction\Range Exctraction.csproj", "{4685B603-B561-4FB1-94DD-D597E9AA79ED}"
EndProject
Project("{9A19103F-16F7-4668-BE54-9A1E7A4F7556}") = "Spoonerize Me", "Spoonerize Me\Spoonerize Me.csproj", "{6387EAAB-034E-4920-B7EF-E3C6CC0C2E4F}"
EndProject
Project("{9A19103F-16F7-4668-BE54-9A1E7A4F7556}") = "Transportation on vacation", "Transportation on vacation\Transportation on vacation.csproj", "{A4C5684B-5754-41E7-88D0-3877290E4C0E}"
EndProject
Project("{9A19103F-16F7-4668-BE54-9A1E7A4F7556}") = "Century From Year", "Century From Year\Century From Year.csproj", "{E51E5B1D-698A-465C-82F4-9E406819A369}"
EndProject
Project("{9A19103F-16F7-4668-BE54-9A1E7A4F7556}") = "Fake Binary", "Fake Binary\Fake Binary.csproj", "{DF17DD2F-9BA0-49E8-8C32-7C0AFB7ACA30}"
EndProject
Project("{9A19103F-16F7-4668-BE54-9A1E7A4F7556}") = "Hells Kitchen", "Hells Kitchen\Hells Kitchen.csproj", "{2A600906-CAF6-456D-8F28-BDF4CB4BC968}"
EndProject
Project("{9A19103F-16F7-4668-BE54-9A1E7A4F7556}") = "Switcheroo", "Switcheroo\Switcheroo.csproj", "{5306733E-E575-47A7-B44B-4BD65490F9E2}"
EndProject
Project("{9A19103F-16F7-4668-BE54-9A1E7A4F7556}") = "Odd Or Even", "Odd Or Even\Odd Or Even.csproj", "{4DC8A201-40E9-46B8-AC2C-AFDEC5ADF0C9}"
EndProject
Project("{9A19103F-16F7-4668-BE54-9A1E7A4F7556}") = "Descending Order", "Descending Order\Descending Order.csproj", "{F2250EEA-D275-4EEF-949F-CF50DD20FD41}"
EndProject
Project("{9A19103F-16F7-4668-BE54-9A1E7A4F7556}") = "Alphabet War", "Alphabet War\Alphabet War.csproj", "{1A36CBF2-8097-49B7-BC8A-E5DA66FA0062}"
EndProject
Project("{9A19103F-16F7-4668-BE54-9A1E7A4F7556}") = "Average of numbers", "Average of numbers\Average of numbers.csproj", "{FBF33545-74C8-41C0-B69A-BCEFA92B03B6}"
EndProject
Project("{9A19103F-16F7-4668-BE54-9A1E7A4F7556}") = "Get the integers between two numbers", "Get the integers between two numbers\Get the integers between two numbers.csproj", "{2E3A78B7-29B3-4FD4-9124-CA75C33F7965}"
EndProject
Project("{9A19103F-16F7-4668-BE54-9A1E7A4F7556}") = "The old switcheroo", "The old switcheroo\The old switcheroo.csproj", "{CEEEB662-D819-4D02-872F-0F9C80E98DC6}"
EndProject
Project("{9A19103F-16F7-4668-BE54-9A1E7A4F7556}") = "Return Negative", "Return Negative\Return Negative.csproj", "{1A528EA2-C47A-4847-B124-B2E9ACB6FC8C}"
EndProject
Project("{9A19103F-16F7-4668-BE54-9A1E7A4F7556}") = "Is he gonna survive", "Is he gonna survive\Is he gonna survive.csproj", "{B00ACD13-EC52-498B-935B-DBC66E0517F4}"
EndProject
Project("{9A19103F-16F7-4668-BE54-9A1E7A4F7556}") = "Reversed Strings", "Reversed Strings\Reversed Strings.csproj", "{B4FEC243-ED04-4972-9AA1-C2E0731CBF9F}"
EndProject
Project("{9A19103F-16F7-4668-BE54-9A1E7A4F7556}") = "Reversed Words", "Reversed Words\Reversed Words.csproj", "{2F3B2C6A-C39E-4AF9-8935-1A0A9AED14C3}"
EndProject
Project("{9A19103F-16F7-4668-BE54-9A1E7A4F7556}") = "My head is at the wrong end", "My head is at the wrong end\My head is at the wrong end.csproj", "{D1647D7E-D6EE-4590-BAE1-03122DB5A785}"
EndProject
Project("{9A19103F-16F7-4668-BE54-9A1E7A4F7556}") = "Opposites Attract", "Opposites Attract\Opposites Attract.csproj", "{DD6928B8-C9E7-4DB0-B02C-671897A76D66}"
EndProject
Project("{9A19103F-16F7-4668-BE54-9A1E7A4F7556}") = "Doubleton Number", "Doubleton Number\Doubleton Number.csproj", "{4D34A344-B751-44D0-8773-2E7148D6B347}"
EndProject
Project("{9A19103F-16F7-4668-BE54-9A1E7A4F7556}") = "Drying Potatoes", "Drying Potatoes\Drying Potatoes.csproj", "{CFF674CD-E0B7-4977-923A-E27598D88019}"
EndProject
Project("{9A19103F-16F7-4668-BE54-9A1E7A4F7556}") = "Do I get a bonus", "Do I get a bonus\Do I get a bonus.csproj", "{01575041-F0A3-4EFC-82EC-14324AD14CEC}"
EndProject
Project("{9A19103F-16F7-4668-BE54-9A1E7A4F7556}") = "Invert Values", "Invert Values\Invert Values.csproj", "{5EEC34B2-6B10-47A5-AB5C-79CCD97029F0}"
EndProject
Project("{9A19103F-16F7-4668-BE54-9A1E7A4F7556}") = "Sum Of Positive", "Sum Of Positive\Sum Of Positive.csproj", "{74E3FB81-647E-4557-8DB1-5FA97C3EAFB4}"
EndProject
Project("{9A19103F-16F7-4668-BE54-9A1E7A4F7556}") = "Sums of parts", "Sums of parts\Sums of parts.csproj", "{012C36CB-EC3D-4377-98E1-633D8BDDF3B2}"
EndProject
Project("{9A19103F-16F7-4668-BE54-9A1E7A4F7556}") = "String Repeat", "String Repeat\String Repeat.csproj", "{99BC8042-C954-4294-AC2F-F3D6C4BB12DA}"
EndProject
Project("{9A19103F-16F7-4668-BE54-9A1E7A4F7556}") = "MakeUpperCase", "MakeUpperCase\MakeUpperCase.csproj", "{5879A837-50F2-4D7A-8EE2-3776B5056CEB}"
EndProject
Project("{9A19103F-16F7-4668-BE54-9A1E7A4F7556}") = "Twice as old", "Twice as old\Twice as old.csproj", "{A3C9B02A-F2B7-4B2B-B6FD-0C4553C34733}"
EndProject
Project("{9A19103F-16F7-4668-BE54-9A1E7A4F7556}") = "Convert a boolean to a string", "Convert a boolean to a string\Convert a boolean to a string.csproj", "{A69FC143-A101-48BA-92C5-2255ED83783A}"
EndProject
Project("{9A19103F-16F7-4668-BE54-9A1E7A4F7556}") = "Filter out the geese", "Filter out the geese\Filter out the geese.csproj", "{614FEF42-7A87-4E4C-84D3-B0B0A25CDCD8}"
EndProject
Project("{9A19103F-16F7-4668-BE54-9A1E7A4F7556}") = "Lario and Muigi pipe problem", "Lario and Muigi pipe problem\Lario and Muigi pipe problem.csproj", "{784E40A2-8A06-4FDC-BC33-0456392C9D10}"
EndProject
Project("{9A19103F-16F7-4668-BE54-9A1E7A4F7556}") = "Smallest unused ID", "Smallest unused ID\Smallest unused ID.csproj", "{7D26CE75-7EF0-415A-AE28-4BFA2116815E}"
EndProject
Project("{9A19103F-16F7-4668-BE54-9A1E7A4F7556}") = "Reversed Sequence", "Reversed Sequence\Reversed Sequence.csproj", "{95794C9C-8982-4DD6-B3DC-147D4A4B56A1}"
EndProject
Project("{9A19103F-16F7-4668-BE54-9A1E7A4F7556}") = "Stringy String", "Stringy String\Stringy String.csproj", "{1E357A06-1B7B-4E42-8630-2CEBDEF7404D}"
EndProject
Project("{9A19103F-16F7-4668-BE54-9A1E7A4F7556}") = "Remove String Spaces", "Remove String Spaces\Remove String Spaces.csproj", "{4C883CE6-A90E-4D99-B8A9-FBDD381080F0}"
EndProject
Project("{9A19103F-16F7-4668-BE54-9A1E7A4F7556}") = "Find the smallest integer in the array", "Find the smallest integer in the array\Find the smallest integer in the array.csproj", "{DA652663-829C-48C0-A3FF-BE682E974683}"
EndProject
Project("{9A19103F-16F7-4668-BE54-9A1E7A4F7556}") = "Is there a vowel in there", "Is there a vowel in there\Is there a vowel in there.csproj", "{FE79EF7D-7549-4B68-A3D2-D00283241C55}"
EndProject
Project("{9A19103F-16F7-4668-BE54-9A1E7A4F7556}") = "Is this my tail", "Is this my tail\Is this my tail.csproj", "{BE5B2EF1-BEE8-4A66-954B-B889E4B032AF}"
EndProject
Project("{9A19103F-16F7-4668-BE54-9A1E7A4F7556}") = "Remove exclamation marks", "Remove exclamation marks\Remove exclamation marks.csproj", "{3C250795-7E12-43D2-82EE-273E10D0B7D5}"
EndProject
Project("{9A19103F-16F7-4668-BE54-9A1E7A4F7556}") = "Counting sheep", "Counting sheep\Counting sheep.csproj", "{1314163E-00FB-4116-941F-8B36745EE99E}"
EndProject
Project("{9A19103F-16F7-4668-BE54-9A1E7A4F7556}") = "Cat years Dog years", "Cat years Dog years\Cat years Dog years.csproj", "{56B9E968-CD13-44CF-99F8-94216868F062}"
EndProject
Project("{9A19103F-16F7-4668-BE54-9A1E7A4F7556}") = "Replace all dots", "Replace all dots\Replace all dots.csproj", "{08A2B08A-7C5D-4A8C-9298-39D3F667C7A0}"
EndProject
Project("{9A19103F-16F7-4668-BE54-9A1E7A4F7556}") = "The wide mouthed frog", "The wide mouthed frog\The wide mouthed frog.csproj", "{8BF48F74-1860-4F9C-A638-4BB49293CFCB}"
EndProject
Project("{9A19103F-16F7-4668-BE54-9A1E7A4F7556}") = "DNA to RNA conversion", "DNA to RNA conversion\DNA to RNA conversion.csproj", "{DDA2D262-C2CE-40A0-BB22-479128C5AE91}"
EndProject
Project("{9A19103F-16F7-4668-BE54-9A1E7A4F7556}") = "Returning Strings", "Returning Strings\Returning Strings.csproj", "{6921E147-A70E-496A-A87B-2F372A0DEB62}"
EndProject
Project("{9A19103F-16F7-4668-BE54-9A1E7A4F7556}") = "Generate range of integers", "Generate range of integers\Generate range of integers.csproj", "{D3F0DDDF-638D-4C0D-80B9-20C994E75829}"
EndProject
Project("{9A19103F-16F7-4668-BE54-9A1E7A4F7556}") = "What is between", "What is between\What is between.csproj", "{8AAB735F-F183-4CBC-9998-A05B52962C5E}"
EndProject
Project("{9A19103F-16F7-4668-BE54-9A1E7A4F7556}") = "Get the mean of an array", "Get the mean of an array\Get the mean of an array.csproj", "{26682915-C95F-48CD-A158-90B3AE1678D1}"
EndProject
Project("{9A19103F-16F7-4668-BE54-9A1E7A4F7556}") = "Are arrow functions odd", "Are arrow functions odd\Are arrow functions odd.csproj", "{A7DCC839-6A81-4E0B-B592-C60AEFB23C27}"
EndProject
Project("{9A19103F-16F7-4668-BE54-9A1E7A4F7556}") = "Find the position", "Find the position\Find the position.csproj", "{B86846C1-82CA-42DE-AE6A-D81E3F7D5C90}"
EndProject
Project("{9A19103F-16F7-4668-BE54-9A1E7A4F7556}") = "Take the derivative", "Take the derivative\Take the derivative.csproj", "{3CA58071-2EF4-4509-8293-4F4C4A1665ED}"
EndProject
Project("{9A19103F-16F7-4668-BE54-9A1E7A4F7556}") = "Keep hydrated", "Keep hydrated\Keep hydrated.csproj", "{E80E1C5B-1915-4498-83F6-09CA636B5E1A}"
EndProject
Project("{9A19103F-16F7-4668-BE54-9A1E7A4F7556}") = "Array plus array", "Array plus array\Array plus array.csproj", "{1B48C9E9-A33C-483E-9533-4BB0F779ADC1}"
EndProject
Project("{9A19103F-16F7-4668-BE54-9A1E7A4F7556}") = "I love you, a little , a lot, passionately not at all", "I love you, a little , a lot, passionately not at all\I love you, a little , a lot, passionately not at all.csproj", "{5FE5E2D9-FF70-4D9B-8BD2-03EBEE26C656}"
EndProject
Project("{9A19103F-16F7-4668-BE54-9A1E7A4F7556}") = "Can we divide it", "Can we divide it\Can we divide it.csproj", "{C87D3A29-5A71-4445-AE4B-252336F13C82}"
EndProject
Project("{9A19103F-16F7-4668-BE54-9A1E7A4F7556}") = "Abbreviate a two word name", "Abbreviate a two word name\Abbreviate a two word name.csproj", "{32BD9812-9B17-44F6-A03B-568100C158A3}"
EndProject
Project("{9A19103F-16F7-4668-BE54-9A1E7A4F7556}") = "Keep up the hoop", "Keep up the hoop\Keep up the hoop.csproj", "{2E39FDE2-63BB-46EE-A446-AB92C73FEEAD}"
EndProject
Project("{9A19103F-16F7-4668-BE54-9A1E7A4F7556}") = "Remove first and last character", "Remove first and last character\Remove first and last character.csproj", "{2304B8CE-3D95-47FB-9395-7482F046A342}"
EndProject
Project("{9A19103F-16F7-4668-BE54-9A1E7A4F7556}") = "Price of mangoes", "Price of mangoes\Price of mangoes.csproj", "{0531DD38-25A1-4553-A6DE-4DF60673B997}"
EndProject
Project("{9A19103F-16F7-4668-BE54-9A1E7A4F7556}") = "Convert a string to an array", "Convert a string to an array\Convert a string to an array.csproj", "{174ADA11-1CE2-4489-952C-31689D633333}"
EndProject
Project("{9A19103F-16F7-4668-BE54-9A1E7A4F7556}") = "The feast of many beasts", "The feast of many beasts\The feast of many beasts.csproj", "{FB560D60-16ED-4E8B-920A-11CCE7448DED}"
EndProject
Project("{9A19103F-16F7-4668-BE54-9A1E7A4F7556}") = "Switch it up", "Switch it up\Switch it up.csproj", "{B8D5D8C0-335D-40D0-B11E-C570C9AD33E7}"
EndProject
Project("{9A19103F-16F7-4668-BE54-9A1E7A4F7556}") = "Are you playing banjo", "Are you playing banjo\Are you playing banjo.csproj", "{430D4233-899D-4AF0-8B95-69F2A6C08B58}"
EndProject
Project("{9A19103F-16F7-4668-BE54-9A1E7A4F7556}") = "Area or perimeter", "Area or perimeter\Area or perimeter.csproj", "{564C6F86-A04E-41CD-A8E0-8A922C2328C2}"
EndProject
Project("{9A19103F-16F7-4668-BE54-9A1E7A4F7556}") = "Is n divisible by x and y", "Is n divisible by x and y\Is n divisible by x and y.csproj", "{31BE4180-070D-406F-AC92-6B1FBFBA076D}"
EndProject
Project("{9A19103F-16F7-4668-BE54-9A1E7A4F7556}") = "Convert a number to a string", "Convert a number to a string\Convert a number to a string.csproj", "{64F8B9EB-919D-4685-8D78-D07575D0AB09}"
EndProject
Project("{9A19103F-16F7-4668-BE54-9A1E7A4F7556}") = "How many lightsabers do you own", "How many lightsabers do you own\How many lightsabers do you own.csproj", "{86F436DB-8B7B-4DAA-A81E-8279BD4524AE}"
EndProject
Project("{9A19103F-16F7-4668-BE54-9A1E7A4F7556}") = "Will there be enough space", "Will there be enough space\Will there be enough space.csproj", "{D3DFEDB2-3ED8-4384-AEE4-3399E6E7392A}"
EndProject
Project("{9A19103F-16F7-4668-BE54-9A1E7A4F7556}") = "Do you speak English", "Do you speak English\Do you speak English.csproj", "{03CA988F-8413-4F46-A1DB-F93E266494C7}"
EndProject
Project("{9A19103F-16F7-4668-BE54-9A1E7A4F7556}") = "Convert boolean values to strings Yes or No", "Convert boolean values to strings Yes or No\Convert boolean values to strings Yes or No.csproj", "{7443F4D3-43A5-415F-A941-14B089192D24}"
EndProject
Project("{9A19103F-16F7-4668-BE54-9A1E7A4F7556}") = "Calculate average", "Calculate average\Calculate average.csproj", "{27F8FC30-F1C3-4B7C-8D8D-79511C43CC10}"
EndProject
Project("{9A19103F-16F7-4668-BE54-9A1E7A4F7556}") = "Short long short", "Short long short\Short long short.csproj", "{B9D049BD-202D-497C-BE3C-E940E71A65E7}"
EndProject
Project("{9A19103F-16F7-4668-BE54-9A1E7A4F7556}") = "IsEven", "IsEven\IsEven.csproj", "{165ACD32-1DE9-4688-9917-4FC007CC79AF}"
EndProject
Project("{9A19103F-16F7-4668-BE54-9A1E7A4F7556}") = "Even or Odd", "Even or Odd\Even or Odd.csproj", "{F64FFA63-31FB-44D4-A27D-1A8A95376E86}"
EndProject
Project("{9A19103F-16F7-4668-BE54-9A1E7A4F7556}") = "Find the next perfect square", "Find the next perfect square\Find the next perfect square.csproj", "{AF2F1F9F-BCE7-4CB7-9561-B91F1A3B5514}"
EndProject
Project("{9A19103F-16F7-4668-BE54-9A1E7A4F7556}") = "What's the real floor", "What's the real floor\What's the real floor.csproj", "{0849740F-ECB7-4852-A653-FCDCFA7BB37E}"
EndProject
Project("{9A19103F-16F7-4668-BE54-9A1E7A4F7556}") = "Whats the real floor", "Whats the real floor\Whats the real floor.csproj", "{4A7FA292-5725-4563-9670-719EE1F7CA36}"
EndProject
Project("{FAE04EC0-301F-11D3-BF4B-00C04F79EFBC}") = "Simple Remove Duplicated", "Simple Remove Duplicated\Simple Remove Duplicated.csproj", "{3463A3E6-0313-4885-9DEB-AE4448E8AF41}"
EndProject
Global
	GlobalSection(SolutionConfigurationPlatforms) = preSolution
		Debug|Any CPU = Debug|Any CPU
		Release|Any CPU = Release|Any CPU
	EndGlobalSection
	GlobalSection(ProjectConfigurationPlatforms) = postSolution
		{5CA03EFB-A22B-4BE9-B565-BE60D9B755AC}.Debug|Any CPU.ActiveCfg = Debug|Any CPU
		{5CA03EFB-A22B-4BE9-B565-BE60D9B755AC}.Debug|Any CPU.Build.0 = Debug|Any CPU
		{5CA03EFB-A22B-4BE9-B565-BE60D9B755AC}.Release|Any CPU.ActiveCfg = Release|Any CPU
		{5CA03EFB-A22B-4BE9-B565-BE60D9B755AC}.Release|Any CPU.Build.0 = Release|Any CPU
		{2904894C-1CE1-4ED8-950D-EBBF59E66991}.Debug|Any CPU.ActiveCfg = Debug|Any CPU
		{2904894C-1CE1-4ED8-950D-EBBF59E66991}.Debug|Any CPU.Build.0 = Debug|Any CPU
		{2904894C-1CE1-4ED8-950D-EBBF59E66991}.Release|Any CPU.ActiveCfg = Release|Any CPU
		{2904894C-1CE1-4ED8-950D-EBBF59E66991}.Release|Any CPU.Build.0 = Release|Any CPU
		{5CB8A23B-3CB8-4AE9-88DC-47C2BCC71832}.Debug|Any CPU.ActiveCfg = Debug|Any CPU
		{5CB8A23B-3CB8-4AE9-88DC-47C2BCC71832}.Debug|Any CPU.Build.0 = Debug|Any CPU
		{5CB8A23B-3CB8-4AE9-88DC-47C2BCC71832}.Release|Any CPU.ActiveCfg = Release|Any CPU
		{5CB8A23B-3CB8-4AE9-88DC-47C2BCC71832}.Release|Any CPU.Build.0 = Release|Any CPU
		{9FD3BE93-44D7-4E52-BF51-D1ED42EFDB0F}.Debug|Any CPU.ActiveCfg = Debug|Any CPU
		{9FD3BE93-44D7-4E52-BF51-D1ED42EFDB0F}.Debug|Any CPU.Build.0 = Debug|Any CPU
		{9FD3BE93-44D7-4E52-BF51-D1ED42EFDB0F}.Release|Any CPU.ActiveCfg = Release|Any CPU
		{9FD3BE93-44D7-4E52-BF51-D1ED42EFDB0F}.Release|Any CPU.Build.0 = Release|Any CPU
		{C7024BDB-7B97-4659-98B6-60B40BA5B0A7}.Debug|Any CPU.ActiveCfg = Debug|Any CPU
		{C7024BDB-7B97-4659-98B6-60B40BA5B0A7}.Debug|Any CPU.Build.0 = Debug|Any CPU
		{C7024BDB-7B97-4659-98B6-60B40BA5B0A7}.Release|Any CPU.ActiveCfg = Release|Any CPU
		{C7024BDB-7B97-4659-98B6-60B40BA5B0A7}.Release|Any CPU.Build.0 = Release|Any CPU
		{5A27A0E2-2FB9-410D-855D-26909B4DE205}.Debug|Any CPU.ActiveCfg = Debug|Any CPU
		{5A27A0E2-2FB9-410D-855D-26909B4DE205}.Debug|Any CPU.Build.0 = Debug|Any CPU
		{5A27A0E2-2FB9-410D-855D-26909B4DE205}.Release|Any CPU.ActiveCfg = Release|Any CPU
		{5A27A0E2-2FB9-410D-855D-26909B4DE205}.Release|Any CPU.Build.0 = Release|Any CPU
		{E5FA2C5D-5049-42FD-9950-8C53A8C962EA}.Debug|Any CPU.ActiveCfg = Debug|Any CPU
		{E5FA2C5D-5049-42FD-9950-8C53A8C962EA}.Debug|Any CPU.Build.0 = Debug|Any CPU
		{E5FA2C5D-5049-42FD-9950-8C53A8C962EA}.Release|Any CPU.ActiveCfg = Release|Any CPU
		{E5FA2C5D-5049-42FD-9950-8C53A8C962EA}.Release|Any CPU.Build.0 = Release|Any CPU
		{1D86765A-0520-4E6C-89AD-17D19EC4A7D6}.Debug|Any CPU.ActiveCfg = Debug|Any CPU
		{1D86765A-0520-4E6C-89AD-17D19EC4A7D6}.Debug|Any CPU.Build.0 = Debug|Any CPU
		{1D86765A-0520-4E6C-89AD-17D19EC4A7D6}.Release|Any CPU.ActiveCfg = Release|Any CPU
		{1D86765A-0520-4E6C-89AD-17D19EC4A7D6}.Release|Any CPU.Build.0 = Release|Any CPU
		{382C4A97-F369-4DF0-AA4B-A6F56190E652}.Debug|Any CPU.ActiveCfg = Debug|Any CPU
		{382C4A97-F369-4DF0-AA4B-A6F56190E652}.Debug|Any CPU.Build.0 = Debug|Any CPU
		{382C4A97-F369-4DF0-AA4B-A6F56190E652}.Release|Any CPU.ActiveCfg = Release|Any CPU
		{382C4A97-F369-4DF0-AA4B-A6F56190E652}.Release|Any CPU.Build.0 = Release|Any CPU
		{4C6BA641-6815-4961-97A9-CD1D08D192C8}.Debug|Any CPU.ActiveCfg = Debug|Any CPU
		{4C6BA641-6815-4961-97A9-CD1D08D192C8}.Debug|Any CPU.Build.0 = Debug|Any CPU
		{4C6BA641-6815-4961-97A9-CD1D08D192C8}.Release|Any CPU.ActiveCfg = Release|Any CPU
		{4C6BA641-6815-4961-97A9-CD1D08D192C8}.Release|Any CPU.Build.0 = Release|Any CPU
		{9F3EB2E8-15EB-4629-88E4-16E989E18F9F}.Debug|Any CPU.ActiveCfg = Debug|Any CPU
		{9F3EB2E8-15EB-4629-88E4-16E989E18F9F}.Debug|Any CPU.Build.0 = Debug|Any CPU
		{9F3EB2E8-15EB-4629-88E4-16E989E18F9F}.Release|Any CPU.ActiveCfg = Release|Any CPU
		{9F3EB2E8-15EB-4629-88E4-16E989E18F9F}.Release|Any CPU.Build.0 = Release|Any CPU
		{61782AAF-1954-47BD-AB1C-D3A2921CB4BE}.Debug|Any CPU.ActiveCfg = Debug|Any CPU
		{61782AAF-1954-47BD-AB1C-D3A2921CB4BE}.Debug|Any CPU.Build.0 = Debug|Any CPU
		{61782AAF-1954-47BD-AB1C-D3A2921CB4BE}.Release|Any CPU.ActiveCfg = Release|Any CPU
		{61782AAF-1954-47BD-AB1C-D3A2921CB4BE}.Release|Any CPU.Build.0 = Release|Any CPU
		{725989DF-F1B6-4881-B4B0-6594A52DB2CB}.Debug|Any CPU.ActiveCfg = Debug|Any CPU
		{725989DF-F1B6-4881-B4B0-6594A52DB2CB}.Debug|Any CPU.Build.0 = Debug|Any CPU
		{725989DF-F1B6-4881-B4B0-6594A52DB2CB}.Release|Any CPU.ActiveCfg = Release|Any CPU
		{725989DF-F1B6-4881-B4B0-6594A52DB2CB}.Release|Any CPU.Build.0 = Release|Any CPU
		{81698621-E7A3-41E7-A0EB-C3DA10F064D6}.Debug|Any CPU.ActiveCfg = Debug|Any CPU
		{81698621-E7A3-41E7-A0EB-C3DA10F064D6}.Debug|Any CPU.Build.0 = Debug|Any CPU
		{81698621-E7A3-41E7-A0EB-C3DA10F064D6}.Release|Any CPU.ActiveCfg = Release|Any CPU
		{81698621-E7A3-41E7-A0EB-C3DA10F064D6}.Release|Any CPU.Build.0 = Release|Any CPU
		{DB1BC8AF-0206-4FB9-8701-0E1E57829125}.Debug|Any CPU.ActiveCfg = Debug|Any CPU
		{DB1BC8AF-0206-4FB9-8701-0E1E57829125}.Debug|Any CPU.Build.0 = Debug|Any CPU
		{DB1BC8AF-0206-4FB9-8701-0E1E57829125}.Release|Any CPU.ActiveCfg = Release|Any CPU
		{DB1BC8AF-0206-4FB9-8701-0E1E57829125}.Release|Any CPU.Build.0 = Release|Any CPU
		{482B27AA-2FC4-4491-AE37-EA745896F164}.Debug|Any CPU.ActiveCfg = Debug|Any CPU
		{482B27AA-2FC4-4491-AE37-EA745896F164}.Debug|Any CPU.Build.0 = Debug|Any CPU
		{482B27AA-2FC4-4491-AE37-EA745896F164}.Release|Any CPU.ActiveCfg = Release|Any CPU
		{482B27AA-2FC4-4491-AE37-EA745896F164}.Release|Any CPU.Build.0 = Release|Any CPU
		{7AECC0A0-2056-4A56-8519-358FCBF5620E}.Debug|Any CPU.ActiveCfg = Debug|Any CPU
		{7AECC0A0-2056-4A56-8519-358FCBF5620E}.Debug|Any CPU.Build.0 = Debug|Any CPU
		{7AECC0A0-2056-4A56-8519-358FCBF5620E}.Release|Any CPU.ActiveCfg = Release|Any CPU
		{7AECC0A0-2056-4A56-8519-358FCBF5620E}.Release|Any CPU.Build.0 = Release|Any CPU
		{66B9D1A0-56D6-4858-9165-B4F927121C91}.Debug|Any CPU.ActiveCfg = Debug|Any CPU
		{66B9D1A0-56D6-4858-9165-B4F927121C91}.Debug|Any CPU.Build.0 = Debug|Any CPU
		{66B9D1A0-56D6-4858-9165-B4F927121C91}.Release|Any CPU.ActiveCfg = Release|Any CPU
		{66B9D1A0-56D6-4858-9165-B4F927121C91}.Release|Any CPU.Build.0 = Release|Any CPU
		{E18A1DA0-13A0-47F7-897A-5FB0E45CA791}.Debug|Any CPU.ActiveCfg = Debug|Any CPU
		{E18A1DA0-13A0-47F7-897A-5FB0E45CA791}.Debug|Any CPU.Build.0 = Debug|Any CPU
		{E18A1DA0-13A0-47F7-897A-5FB0E45CA791}.Release|Any CPU.ActiveCfg = Release|Any CPU
		{E18A1DA0-13A0-47F7-897A-5FB0E45CA791}.Release|Any CPU.Build.0 = Release|Any CPU
		{0B9C405A-898A-4AE9-AB92-B9797248541C}.Debug|Any CPU.ActiveCfg = Debug|Any CPU
		{0B9C405A-898A-4AE9-AB92-B9797248541C}.Debug|Any CPU.Build.0 = Debug|Any CPU
		{0B9C405A-898A-4AE9-AB92-B9797248541C}.Release|Any CPU.ActiveCfg = Release|Any CPU
		{0B9C405A-898A-4AE9-AB92-B9797248541C}.Release|Any CPU.Build.0 = Release|Any CPU
		{38C036F6-44CE-453A-B34D-0693D8B72DCE}.Debug|Any CPU.ActiveCfg = Debug|Any CPU
		{38C036F6-44CE-453A-B34D-0693D8B72DCE}.Debug|Any CPU.Build.0 = Debug|Any CPU
		{38C036F6-44CE-453A-B34D-0693D8B72DCE}.Release|Any CPU.ActiveCfg = Release|Any CPU
		{38C036F6-44CE-453A-B34D-0693D8B72DCE}.Release|Any CPU.Build.0 = Release|Any CPU
		{4685B603-B561-4FB1-94DD-D597E9AA79ED}.Debug|Any CPU.ActiveCfg = Debug|Any CPU
		{4685B603-B561-4FB1-94DD-D597E9AA79ED}.Debug|Any CPU.Build.0 = Debug|Any CPU
		{4685B603-B561-4FB1-94DD-D597E9AA79ED}.Release|Any CPU.ActiveCfg = Release|Any CPU
		{4685B603-B561-4FB1-94DD-D597E9AA79ED}.Release|Any CPU.Build.0 = Release|Any CPU
		{6387EAAB-034E-4920-B7EF-E3C6CC0C2E4F}.Debug|Any CPU.ActiveCfg = Debug|Any CPU
		{6387EAAB-034E-4920-B7EF-E3C6CC0C2E4F}.Debug|Any CPU.Build.0 = Debug|Any CPU
		{6387EAAB-034E-4920-B7EF-E3C6CC0C2E4F}.Release|Any CPU.ActiveCfg = Release|Any CPU
		{6387EAAB-034E-4920-B7EF-E3C6CC0C2E4F}.Release|Any CPU.Build.0 = Release|Any CPU
		{A4C5684B-5754-41E7-88D0-3877290E4C0E}.Debug|Any CPU.ActiveCfg = Debug|Any CPU
		{A4C5684B-5754-41E7-88D0-3877290E4C0E}.Debug|Any CPU.Build.0 = Debug|Any CPU
		{A4C5684B-5754-41E7-88D0-3877290E4C0E}.Release|Any CPU.ActiveCfg = Release|Any CPU
		{A4C5684B-5754-41E7-88D0-3877290E4C0E}.Release|Any CPU.Build.0 = Release|Any CPU
		{E51E5B1D-698A-465C-82F4-9E406819A369}.Debug|Any CPU.ActiveCfg = Debug|Any CPU
		{E51E5B1D-698A-465C-82F4-9E406819A369}.Debug|Any CPU.Build.0 = Debug|Any CPU
		{E51E5B1D-698A-465C-82F4-9E406819A369}.Release|Any CPU.ActiveCfg = Release|Any CPU
		{E51E5B1D-698A-465C-82F4-9E406819A369}.Release|Any CPU.Build.0 = Release|Any CPU
		{DF17DD2F-9BA0-49E8-8C32-7C0AFB7ACA30}.Debug|Any CPU.ActiveCfg = Debug|Any CPU
		{DF17DD2F-9BA0-49E8-8C32-7C0AFB7ACA30}.Debug|Any CPU.Build.0 = Debug|Any CPU
		{DF17DD2F-9BA0-49E8-8C32-7C0AFB7ACA30}.Release|Any CPU.ActiveCfg = Release|Any CPU
		{DF17DD2F-9BA0-49E8-8C32-7C0AFB7ACA30}.Release|Any CPU.Build.0 = Release|Any CPU
		{2A600906-CAF6-456D-8F28-BDF4CB4BC968}.Debug|Any CPU.ActiveCfg = Debug|Any CPU
		{2A600906-CAF6-456D-8F28-BDF4CB4BC968}.Debug|Any CPU.Build.0 = Debug|Any CPU
		{2A600906-CAF6-456D-8F28-BDF4CB4BC968}.Release|Any CPU.ActiveCfg = Release|Any CPU
		{2A600906-CAF6-456D-8F28-BDF4CB4BC968}.Release|Any CPU.Build.0 = Release|Any CPU
		{5306733E-E575-47A7-B44B-4BD65490F9E2}.Debug|Any CPU.ActiveCfg = Debug|Any CPU
		{5306733E-E575-47A7-B44B-4BD65490F9E2}.Debug|Any CPU.Build.0 = Debug|Any CPU
		{5306733E-E575-47A7-B44B-4BD65490F9E2}.Release|Any CPU.ActiveCfg = Release|Any CPU
		{5306733E-E575-47A7-B44B-4BD65490F9E2}.Release|Any CPU.Build.0 = Release|Any CPU
		{4DC8A201-40E9-46B8-AC2C-AFDEC5ADF0C9}.Debug|Any CPU.ActiveCfg = Debug|Any CPU
		{4DC8A201-40E9-46B8-AC2C-AFDEC5ADF0C9}.Debug|Any CPU.Build.0 = Debug|Any CPU
		{4DC8A201-40E9-46B8-AC2C-AFDEC5ADF0C9}.Release|Any CPU.ActiveCfg = Release|Any CPU
		{4DC8A201-40E9-46B8-AC2C-AFDEC5ADF0C9}.Release|Any CPU.Build.0 = Release|Any CPU
		{F2250EEA-D275-4EEF-949F-CF50DD20FD41}.Debug|Any CPU.ActiveCfg = Debug|Any CPU
		{F2250EEA-D275-4EEF-949F-CF50DD20FD41}.Debug|Any CPU.Build.0 = Debug|Any CPU
		{F2250EEA-D275-4EEF-949F-CF50DD20FD41}.Release|Any CPU.ActiveCfg = Release|Any CPU
		{F2250EEA-D275-4EEF-949F-CF50DD20FD41}.Release|Any CPU.Build.0 = Release|Any CPU
		{1A36CBF2-8097-49B7-BC8A-E5DA66FA0062}.Debug|Any CPU.ActiveCfg = Debug|Any CPU
		{1A36CBF2-8097-49B7-BC8A-E5DA66FA0062}.Debug|Any CPU.Build.0 = Debug|Any CPU
		{1A36CBF2-8097-49B7-BC8A-E5DA66FA0062}.Release|Any CPU.ActiveCfg = Release|Any CPU
		{1A36CBF2-8097-49B7-BC8A-E5DA66FA0062}.Release|Any CPU.Build.0 = Release|Any CPU
		{FBF33545-74C8-41C0-B69A-BCEFA92B03B6}.Debug|Any CPU.ActiveCfg = Debug|Any CPU
		{FBF33545-74C8-41C0-B69A-BCEFA92B03B6}.Debug|Any CPU.Build.0 = Debug|Any CPU
		{FBF33545-74C8-41C0-B69A-BCEFA92B03B6}.Release|Any CPU.ActiveCfg = Release|Any CPU
		{FBF33545-74C8-41C0-B69A-BCEFA92B03B6}.Release|Any CPU.Build.0 = Release|Any CPU
		{2E3A78B7-29B3-4FD4-9124-CA75C33F7965}.Debug|Any CPU.ActiveCfg = Debug|Any CPU
		{2E3A78B7-29B3-4FD4-9124-CA75C33F7965}.Debug|Any CPU.Build.0 = Debug|Any CPU
		{2E3A78B7-29B3-4FD4-9124-CA75C33F7965}.Release|Any CPU.ActiveCfg = Release|Any CPU
		{2E3A78B7-29B3-4FD4-9124-CA75C33F7965}.Release|Any CPU.Build.0 = Release|Any CPU
		{CEEEB662-D819-4D02-872F-0F9C80E98DC6}.Debug|Any CPU.ActiveCfg = Debug|Any CPU
		{CEEEB662-D819-4D02-872F-0F9C80E98DC6}.Debug|Any CPU.Build.0 = Debug|Any CPU
		{CEEEB662-D819-4D02-872F-0F9C80E98DC6}.Release|Any CPU.ActiveCfg = Release|Any CPU
		{CEEEB662-D819-4D02-872F-0F9C80E98DC6}.Release|Any CPU.Build.0 = Release|Any CPU
		{1A528EA2-C47A-4847-B124-B2E9ACB6FC8C}.Debug|Any CPU.ActiveCfg = Debug|Any CPU
		{1A528EA2-C47A-4847-B124-B2E9ACB6FC8C}.Debug|Any CPU.Build.0 = Debug|Any CPU
		{1A528EA2-C47A-4847-B124-B2E9ACB6FC8C}.Release|Any CPU.ActiveCfg = Release|Any CPU
		{1A528EA2-C47A-4847-B124-B2E9ACB6FC8C}.Release|Any CPU.Build.0 = Release|Any CPU
		{B00ACD13-EC52-498B-935B-DBC66E0517F4}.Debug|Any CPU.ActiveCfg = Debug|Any CPU
		{B00ACD13-EC52-498B-935B-DBC66E0517F4}.Debug|Any CPU.Build.0 = Debug|Any CPU
		{B00ACD13-EC52-498B-935B-DBC66E0517F4}.Release|Any CPU.ActiveCfg = Release|Any CPU
		{B00ACD13-EC52-498B-935B-DBC66E0517F4}.Release|Any CPU.Build.0 = Release|Any CPU
		{B4FEC243-ED04-4972-9AA1-C2E0731CBF9F}.Debug|Any CPU.ActiveCfg = Debug|Any CPU
		{B4FEC243-ED04-4972-9AA1-C2E0731CBF9F}.Debug|Any CPU.Build.0 = Debug|Any CPU
		{B4FEC243-ED04-4972-9AA1-C2E0731CBF9F}.Release|Any CPU.ActiveCfg = Release|Any CPU
		{B4FEC243-ED04-4972-9AA1-C2E0731CBF9F}.Release|Any CPU.Build.0 = Release|Any CPU
		{2F3B2C6A-C39E-4AF9-8935-1A0A9AED14C3}.Debug|Any CPU.ActiveCfg = Debug|Any CPU
		{2F3B2C6A-C39E-4AF9-8935-1A0A9AED14C3}.Debug|Any CPU.Build.0 = Debug|Any CPU
		{2F3B2C6A-C39E-4AF9-8935-1A0A9AED14C3}.Release|Any CPU.ActiveCfg = Release|Any CPU
		{2F3B2C6A-C39E-4AF9-8935-1A0A9AED14C3}.Release|Any CPU.Build.0 = Release|Any CPU
		{D1647D7E-D6EE-4590-BAE1-03122DB5A785}.Debug|Any CPU.ActiveCfg = Debug|Any CPU
		{D1647D7E-D6EE-4590-BAE1-03122DB5A785}.Debug|Any CPU.Build.0 = Debug|Any CPU
		{D1647D7E-D6EE-4590-BAE1-03122DB5A785}.Release|Any CPU.ActiveCfg = Release|Any CPU
		{D1647D7E-D6EE-4590-BAE1-03122DB5A785}.Release|Any CPU.Build.0 = Release|Any CPU
		{DD6928B8-C9E7-4DB0-B02C-671897A76D66}.Debug|Any CPU.ActiveCfg = Debug|Any CPU
		{DD6928B8-C9E7-4DB0-B02C-671897A76D66}.Debug|Any CPU.Build.0 = Debug|Any CPU
		{DD6928B8-C9E7-4DB0-B02C-671897A76D66}.Release|Any CPU.ActiveCfg = Release|Any CPU
		{DD6928B8-C9E7-4DB0-B02C-671897A76D66}.Release|Any CPU.Build.0 = Release|Any CPU
		{4D34A344-B751-44D0-8773-2E7148D6B347}.Debug|Any CPU.ActiveCfg = Debug|Any CPU
		{4D34A344-B751-44D0-8773-2E7148D6B347}.Debug|Any CPU.Build.0 = Debug|Any CPU
		{4D34A344-B751-44D0-8773-2E7148D6B347}.Release|Any CPU.ActiveCfg = Release|Any CPU
		{4D34A344-B751-44D0-8773-2E7148D6B347}.Release|Any CPU.Build.0 = Release|Any CPU
		{CFF674CD-E0B7-4977-923A-E27598D88019}.Debug|Any CPU.ActiveCfg = Debug|Any CPU
		{CFF674CD-E0B7-4977-923A-E27598D88019}.Debug|Any CPU.Build.0 = Debug|Any CPU
		{CFF674CD-E0B7-4977-923A-E27598D88019}.Release|Any CPU.ActiveCfg = Release|Any CPU
		{CFF674CD-E0B7-4977-923A-E27598D88019}.Release|Any CPU.Build.0 = Release|Any CPU
		{01575041-F0A3-4EFC-82EC-14324AD14CEC}.Debug|Any CPU.ActiveCfg = Debug|Any CPU
		{01575041-F0A3-4EFC-82EC-14324AD14CEC}.Debug|Any CPU.Build.0 = Debug|Any CPU
		{01575041-F0A3-4EFC-82EC-14324AD14CEC}.Release|Any CPU.ActiveCfg = Release|Any CPU
		{01575041-F0A3-4EFC-82EC-14324AD14CEC}.Release|Any CPU.Build.0 = Release|Any CPU
		{5EEC34B2-6B10-47A5-AB5C-79CCD97029F0}.Debug|Any CPU.ActiveCfg = Debug|Any CPU
		{5EEC34B2-6B10-47A5-AB5C-79CCD97029F0}.Debug|Any CPU.Build.0 = Debug|Any CPU
		{5EEC34B2-6B10-47A5-AB5C-79CCD97029F0}.Release|Any CPU.ActiveCfg = Release|Any CPU
		{5EEC34B2-6B10-47A5-AB5C-79CCD97029F0}.Release|Any CPU.Build.0 = Release|Any CPU
		{74E3FB81-647E-4557-8DB1-5FA97C3EAFB4}.Debug|Any CPU.ActiveCfg = Debug|Any CPU
		{74E3FB81-647E-4557-8DB1-5FA97C3EAFB4}.Debug|Any CPU.Build.0 = Debug|Any CPU
		{74E3FB81-647E-4557-8DB1-5FA97C3EAFB4}.Release|Any CPU.ActiveCfg = Release|Any CPU
		{74E3FB81-647E-4557-8DB1-5FA97C3EAFB4}.Release|Any CPU.Build.0 = Release|Any CPU
		{012C36CB-EC3D-4377-98E1-633D8BDDF3B2}.Debug|Any CPU.ActiveCfg = Debug|Any CPU
		{012C36CB-EC3D-4377-98E1-633D8BDDF3B2}.Debug|Any CPU.Build.0 = Debug|Any CPU
		{012C36CB-EC3D-4377-98E1-633D8BDDF3B2}.Release|Any CPU.ActiveCfg = Release|Any CPU
		{012C36CB-EC3D-4377-98E1-633D8BDDF3B2}.Release|Any CPU.Build.0 = Release|Any CPU
		{99BC8042-C954-4294-AC2F-F3D6C4BB12DA}.Debug|Any CPU.ActiveCfg = Debug|Any CPU
		{99BC8042-C954-4294-AC2F-F3D6C4BB12DA}.Debug|Any CPU.Build.0 = Debug|Any CPU
		{99BC8042-C954-4294-AC2F-F3D6C4BB12DA}.Release|Any CPU.ActiveCfg = Release|Any CPU
		{99BC8042-C954-4294-AC2F-F3D6C4BB12DA}.Release|Any CPU.Build.0 = Release|Any CPU
		{5879A837-50F2-4D7A-8EE2-3776B5056CEB}.Debug|Any CPU.ActiveCfg = Debug|Any CPU
		{5879A837-50F2-4D7A-8EE2-3776B5056CEB}.Debug|Any CPU.Build.0 = Debug|Any CPU
		{5879A837-50F2-4D7A-8EE2-3776B5056CEB}.Release|Any CPU.ActiveCfg = Release|Any CPU
		{5879A837-50F2-4D7A-8EE2-3776B5056CEB}.Release|Any CPU.Build.0 = Release|Any CPU
		{A3C9B02A-F2B7-4B2B-B6FD-0C4553C34733}.Debug|Any CPU.ActiveCfg = Debug|Any CPU
		{A3C9B02A-F2B7-4B2B-B6FD-0C4553C34733}.Debug|Any CPU.Build.0 = Debug|Any CPU
		{A3C9B02A-F2B7-4B2B-B6FD-0C4553C34733}.Release|Any CPU.ActiveCfg = Release|Any CPU
		{A3C9B02A-F2B7-4B2B-B6FD-0C4553C34733}.Release|Any CPU.Build.0 = Release|Any CPU
		{A69FC143-A101-48BA-92C5-2255ED83783A}.Debug|Any CPU.ActiveCfg = Debug|Any CPU
		{A69FC143-A101-48BA-92C5-2255ED83783A}.Debug|Any CPU.Build.0 = Debug|Any CPU
		{A69FC143-A101-48BA-92C5-2255ED83783A}.Release|Any CPU.ActiveCfg = Release|Any CPU
		{A69FC143-A101-48BA-92C5-2255ED83783A}.Release|Any CPU.Build.0 = Release|Any CPU
		{614FEF42-7A87-4E4C-84D3-B0B0A25CDCD8}.Debug|Any CPU.ActiveCfg = Debug|Any CPU
		{614FEF42-7A87-4E4C-84D3-B0B0A25CDCD8}.Debug|Any CPU.Build.0 = Debug|Any CPU
		{614FEF42-7A87-4E4C-84D3-B0B0A25CDCD8}.Release|Any CPU.ActiveCfg = Release|Any CPU
		{614FEF42-7A87-4E4C-84D3-B0B0A25CDCD8}.Release|Any CPU.Build.0 = Release|Any CPU
		{784E40A2-8A06-4FDC-BC33-0456392C9D10}.Debug|Any CPU.ActiveCfg = Debug|Any CPU
		{784E40A2-8A06-4FDC-BC33-0456392C9D10}.Debug|Any CPU.Build.0 = Debug|Any CPU
		{784E40A2-8A06-4FDC-BC33-0456392C9D10}.Release|Any CPU.ActiveCfg = Release|Any CPU
		{784E40A2-8A06-4FDC-BC33-0456392C9D10}.Release|Any CPU.Build.0 = Release|Any CPU
		{7D26CE75-7EF0-415A-AE28-4BFA2116815E}.Debug|Any CPU.ActiveCfg = Debug|Any CPU
		{7D26CE75-7EF0-415A-AE28-4BFA2116815E}.Debug|Any CPU.Build.0 = Debug|Any CPU
		{7D26CE75-7EF0-415A-AE28-4BFA2116815E}.Release|Any CPU.ActiveCfg = Release|Any CPU
		{7D26CE75-7EF0-415A-AE28-4BFA2116815E}.Release|Any CPU.Build.0 = Release|Any CPU
		{95794C9C-8982-4DD6-B3DC-147D4A4B56A1}.Debug|Any CPU.ActiveCfg = Debug|Any CPU
		{95794C9C-8982-4DD6-B3DC-147D4A4B56A1}.Debug|Any CPU.Build.0 = Debug|Any CPU
		{95794C9C-8982-4DD6-B3DC-147D4A4B56A1}.Release|Any CPU.ActiveCfg = Release|Any CPU
		{95794C9C-8982-4DD6-B3DC-147D4A4B56A1}.Release|Any CPU.Build.0 = Release|Any CPU
		{1E357A06-1B7B-4E42-8630-2CEBDEF7404D}.Debug|Any CPU.ActiveCfg = Debug|Any CPU
		{1E357A06-1B7B-4E42-8630-2CEBDEF7404D}.Debug|Any CPU.Build.0 = Debug|Any CPU
		{1E357A06-1B7B-4E42-8630-2CEBDEF7404D}.Release|Any CPU.ActiveCfg = Release|Any CPU
		{1E357A06-1B7B-4E42-8630-2CEBDEF7404D}.Release|Any CPU.Build.0 = Release|Any CPU
		{4C883CE6-A90E-4D99-B8A9-FBDD381080F0}.Debug|Any CPU.ActiveCfg = Debug|Any CPU
		{4C883CE6-A90E-4D99-B8A9-FBDD381080F0}.Debug|Any CPU.Build.0 = Debug|Any CPU
		{4C883CE6-A90E-4D99-B8A9-FBDD381080F0}.Release|Any CPU.ActiveCfg = Release|Any CPU
		{4C883CE6-A90E-4D99-B8A9-FBDD381080F0}.Release|Any CPU.Build.0 = Release|Any CPU
		{DA652663-829C-48C0-A3FF-BE682E974683}.Debug|Any CPU.ActiveCfg = Debug|Any CPU
		{DA652663-829C-48C0-A3FF-BE682E974683}.Debug|Any CPU.Build.0 = Debug|Any CPU
		{DA652663-829C-48C0-A3FF-BE682E974683}.Release|Any CPU.ActiveCfg = Release|Any CPU
		{DA652663-829C-48C0-A3FF-BE682E974683}.Release|Any CPU.Build.0 = Release|Any CPU
		{FE79EF7D-7549-4B68-A3D2-D00283241C55}.Debug|Any CPU.ActiveCfg = Debug|Any CPU
		{FE79EF7D-7549-4B68-A3D2-D00283241C55}.Debug|Any CPU.Build.0 = Debug|Any CPU
		{FE79EF7D-7549-4B68-A3D2-D00283241C55}.Release|Any CPU.ActiveCfg = Release|Any CPU
		{FE79EF7D-7549-4B68-A3D2-D00283241C55}.Release|Any CPU.Build.0 = Release|Any CPU
		{BE5B2EF1-BEE8-4A66-954B-B889E4B032AF}.Debug|Any CPU.ActiveCfg = Debug|Any CPU
		{BE5B2EF1-BEE8-4A66-954B-B889E4B032AF}.Debug|Any CPU.Build.0 = Debug|Any CPU
		{BE5B2EF1-BEE8-4A66-954B-B889E4B032AF}.Release|Any CPU.ActiveCfg = Release|Any CPU
		{BE5B2EF1-BEE8-4A66-954B-B889E4B032AF}.Release|Any CPU.Build.0 = Release|Any CPU
		{3C250795-7E12-43D2-82EE-273E10D0B7D5}.Debug|Any CPU.ActiveCfg = Debug|Any CPU
		{3C250795-7E12-43D2-82EE-273E10D0B7D5}.Debug|Any CPU.Build.0 = Debug|Any CPU
		{3C250795-7E12-43D2-82EE-273E10D0B7D5}.Release|Any CPU.ActiveCfg = Release|Any CPU
		{3C250795-7E12-43D2-82EE-273E10D0B7D5}.Release|Any CPU.Build.0 = Release|Any CPU
		{1314163E-00FB-4116-941F-8B36745EE99E}.Debug|Any CPU.ActiveCfg = Debug|Any CPU
		{1314163E-00FB-4116-941F-8B36745EE99E}.Debug|Any CPU.Build.0 = Debug|Any CPU
		{1314163E-00FB-4116-941F-8B36745EE99E}.Release|Any CPU.ActiveCfg = Release|Any CPU
		{1314163E-00FB-4116-941F-8B36745EE99E}.Release|Any CPU.Build.0 = Release|Any CPU
		{56B9E968-CD13-44CF-99F8-94216868F062}.Debug|Any CPU.ActiveCfg = Debug|Any CPU
		{56B9E968-CD13-44CF-99F8-94216868F062}.Debug|Any CPU.Build.0 = Debug|Any CPU
		{56B9E968-CD13-44CF-99F8-94216868F062}.Release|Any CPU.ActiveCfg = Release|Any CPU
		{56B9E968-CD13-44CF-99F8-94216868F062}.Release|Any CPU.Build.0 = Release|Any CPU
		{08A2B08A-7C5D-4A8C-9298-39D3F667C7A0}.Debug|Any CPU.ActiveCfg = Debug|Any CPU
		{08A2B08A-7C5D-4A8C-9298-39D3F667C7A0}.Debug|Any CPU.Build.0 = Debug|Any CPU
		{08A2B08A-7C5D-4A8C-9298-39D3F667C7A0}.Release|Any CPU.ActiveCfg = Release|Any CPU
		{08A2B08A-7C5D-4A8C-9298-39D3F667C7A0}.Release|Any CPU.Build.0 = Release|Any CPU
		{8BF48F74-1860-4F9C-A638-4BB49293CFCB}.Debug|Any CPU.ActiveCfg = Debug|Any CPU
		{8BF48F74-1860-4F9C-A638-4BB49293CFCB}.Debug|Any CPU.Build.0 = Debug|Any CPU
		{8BF48F74-1860-4F9C-A638-4BB49293CFCB}.Release|Any CPU.ActiveCfg = Release|Any CPU
		{8BF48F74-1860-4F9C-A638-4BB49293CFCB}.Release|Any CPU.Build.0 = Release|Any CPU
		{DDA2D262-C2CE-40A0-BB22-479128C5AE91}.Debug|Any CPU.ActiveCfg = Debug|Any CPU
		{DDA2D262-C2CE-40A0-BB22-479128C5AE91}.Debug|Any CPU.Build.0 = Debug|Any CPU
		{DDA2D262-C2CE-40A0-BB22-479128C5AE91}.Release|Any CPU.ActiveCfg = Release|Any CPU
		{DDA2D262-C2CE-40A0-BB22-479128C5AE91}.Release|Any CPU.Build.0 = Release|Any CPU
		{6921E147-A70E-496A-A87B-2F372A0DEB62}.Debug|Any CPU.ActiveCfg = Debug|Any CPU
		{6921E147-A70E-496A-A87B-2F372A0DEB62}.Debug|Any CPU.Build.0 = Debug|Any CPU
		{6921E147-A70E-496A-A87B-2F372A0DEB62}.Release|Any CPU.ActiveCfg = Release|Any CPU
		{6921E147-A70E-496A-A87B-2F372A0DEB62}.Release|Any CPU.Build.0 = Release|Any CPU
		{D3F0DDDF-638D-4C0D-80B9-20C994E75829}.Debug|Any CPU.ActiveCfg = Debug|Any CPU
		{D3F0DDDF-638D-4C0D-80B9-20C994E75829}.Debug|Any CPU.Build.0 = Debug|Any CPU
		{D3F0DDDF-638D-4C0D-80B9-20C994E75829}.Release|Any CPU.ActiveCfg = Release|Any CPU
		{D3F0DDDF-638D-4C0D-80B9-20C994E75829}.Release|Any CPU.Build.0 = Release|Any CPU
		{8AAB735F-F183-4CBC-9998-A05B52962C5E}.Debug|Any CPU.ActiveCfg = Debug|Any CPU
		{8AAB735F-F183-4CBC-9998-A05B52962C5E}.Debug|Any CPU.Build.0 = Debug|Any CPU
		{8AAB735F-F183-4CBC-9998-A05B52962C5E}.Release|Any CPU.ActiveCfg = Release|Any CPU
		{8AAB735F-F183-4CBC-9998-A05B52962C5E}.Release|Any CPU.Build.0 = Release|Any CPU
		{26682915-C95F-48CD-A158-90B3AE1678D1}.Debug|Any CPU.ActiveCfg = Debug|Any CPU
		{26682915-C95F-48CD-A158-90B3AE1678D1}.Debug|Any CPU.Build.0 = Debug|Any CPU
		{26682915-C95F-48CD-A158-90B3AE1678D1}.Release|Any CPU.ActiveCfg = Release|Any CPU
		{26682915-C95F-48CD-A158-90B3AE1678D1}.Release|Any CPU.Build.0 = Release|Any CPU
		{A7DCC839-6A81-4E0B-B592-C60AEFB23C27}.Debug|Any CPU.ActiveCfg = Debug|Any CPU
		{A7DCC839-6A81-4E0B-B592-C60AEFB23C27}.Debug|Any CPU.Build.0 = Debug|Any CPU
		{A7DCC839-6A81-4E0B-B592-C60AEFB23C27}.Release|Any CPU.ActiveCfg = Release|Any CPU
		{A7DCC839-6A81-4E0B-B592-C60AEFB23C27}.Release|Any CPU.Build.0 = Release|Any CPU
		{B86846C1-82CA-42DE-AE6A-D81E3F7D5C90}.Debug|Any CPU.ActiveCfg = Debug|Any CPU
		{B86846C1-82CA-42DE-AE6A-D81E3F7D5C90}.Debug|Any CPU.Build.0 = Debug|Any CPU
		{B86846C1-82CA-42DE-AE6A-D81E3F7D5C90}.Release|Any CPU.ActiveCfg = Release|Any CPU
		{B86846C1-82CA-42DE-AE6A-D81E3F7D5C90}.Release|Any CPU.Build.0 = Release|Any CPU
		{3CA58071-2EF4-4509-8293-4F4C4A1665ED}.Debug|Any CPU.ActiveCfg = Debug|Any CPU
		{3CA58071-2EF4-4509-8293-4F4C4A1665ED}.Debug|Any CPU.Build.0 = Debug|Any CPU
		{3CA58071-2EF4-4509-8293-4F4C4A1665ED}.Release|Any CPU.ActiveCfg = Release|Any CPU
		{3CA58071-2EF4-4509-8293-4F4C4A1665ED}.Release|Any CPU.Build.0 = Release|Any CPU
		{E80E1C5B-1915-4498-83F6-09CA636B5E1A}.Debug|Any CPU.ActiveCfg = Debug|Any CPU
		{E80E1C5B-1915-4498-83F6-09CA636B5E1A}.Debug|Any CPU.Build.0 = Debug|Any CPU
		{E80E1C5B-1915-4498-83F6-09CA636B5E1A}.Release|Any CPU.ActiveCfg = Release|Any CPU
		{E80E1C5B-1915-4498-83F6-09CA636B5E1A}.Release|Any CPU.Build.0 = Release|Any CPU
		{1B48C9E9-A33C-483E-9533-4BB0F779ADC1}.Debug|Any CPU.ActiveCfg = Debug|Any CPU
		{1B48C9E9-A33C-483E-9533-4BB0F779ADC1}.Debug|Any CPU.Build.0 = Debug|Any CPU
		{1B48C9E9-A33C-483E-9533-4BB0F779ADC1}.Release|Any CPU.ActiveCfg = Release|Any CPU
		{1B48C9E9-A33C-483E-9533-4BB0F779ADC1}.Release|Any CPU.Build.0 = Release|Any CPU
		{5FE5E2D9-FF70-4D9B-8BD2-03EBEE26C656}.Debug|Any CPU.ActiveCfg = Debug|Any CPU
		{5FE5E2D9-FF70-4D9B-8BD2-03EBEE26C656}.Debug|Any CPU.Build.0 = Debug|Any CPU
		{5FE5E2D9-FF70-4D9B-8BD2-03EBEE26C656}.Release|Any CPU.ActiveCfg = Release|Any CPU
		{5FE5E2D9-FF70-4D9B-8BD2-03EBEE26C656}.Release|Any CPU.Build.0 = Release|Any CPU
		{C87D3A29-5A71-4445-AE4B-252336F13C82}.Debug|Any CPU.ActiveCfg = Debug|Any CPU
		{C87D3A29-5A71-4445-AE4B-252336F13C82}.Debug|Any CPU.Build.0 = Debug|Any CPU
		{C87D3A29-5A71-4445-AE4B-252336F13C82}.Release|Any CPU.ActiveCfg = Release|Any CPU
		{C87D3A29-5A71-4445-AE4B-252336F13C82}.Release|Any CPU.Build.0 = Release|Any CPU
		{32BD9812-9B17-44F6-A03B-568100C158A3}.Debug|Any CPU.ActiveCfg = Debug|Any CPU
		{32BD9812-9B17-44F6-A03B-568100C158A3}.Debug|Any CPU.Build.0 = Debug|Any CPU
		{32BD9812-9B17-44F6-A03B-568100C158A3}.Release|Any CPU.ActiveCfg = Release|Any CPU
		{32BD9812-9B17-44F6-A03B-568100C158A3}.Release|Any CPU.Build.0 = Release|Any CPU
		{2E39FDE2-63BB-46EE-A446-AB92C73FEEAD}.Debug|Any CPU.ActiveCfg = Debug|Any CPU
		{2E39FDE2-63BB-46EE-A446-AB92C73FEEAD}.Debug|Any CPU.Build.0 = Debug|Any CPU
		{2E39FDE2-63BB-46EE-A446-AB92C73FEEAD}.Release|Any CPU.ActiveCfg = Release|Any CPU
		{2E39FDE2-63BB-46EE-A446-AB92C73FEEAD}.Release|Any CPU.Build.0 = Release|Any CPU
		{2304B8CE-3D95-47FB-9395-7482F046A342}.Debug|Any CPU.ActiveCfg = Debug|Any CPU
		{2304B8CE-3D95-47FB-9395-7482F046A342}.Debug|Any CPU.Build.0 = Debug|Any CPU
		{2304B8CE-3D95-47FB-9395-7482F046A342}.Release|Any CPU.ActiveCfg = Release|Any CPU
		{2304B8CE-3D95-47FB-9395-7482F046A342}.Release|Any CPU.Build.0 = Release|Any CPU
		{0531DD38-25A1-4553-A6DE-4DF60673B997}.Debug|Any CPU.ActiveCfg = Debug|Any CPU
		{0531DD38-25A1-4553-A6DE-4DF60673B997}.Debug|Any CPU.Build.0 = Debug|Any CPU
		{0531DD38-25A1-4553-A6DE-4DF60673B997}.Release|Any CPU.ActiveCfg = Release|Any CPU
		{0531DD38-25A1-4553-A6DE-4DF60673B997}.Release|Any CPU.Build.0 = Release|Any CPU
		{174ADA11-1CE2-4489-952C-31689D633333}.Debug|Any CPU.ActiveCfg = Debug|Any CPU
		{174ADA11-1CE2-4489-952C-31689D633333}.Debug|Any CPU.Build.0 = Debug|Any CPU
		{174ADA11-1CE2-4489-952C-31689D633333}.Release|Any CPU.ActiveCfg = Release|Any CPU
		{174ADA11-1CE2-4489-952C-31689D633333}.Release|Any CPU.Build.0 = Release|Any CPU
		{FB560D60-16ED-4E8B-920A-11CCE7448DED}.Debug|Any CPU.ActiveCfg = Debug|Any CPU
		{FB560D60-16ED-4E8B-920A-11CCE7448DED}.Debug|Any CPU.Build.0 = Debug|Any CPU
		{FB560D60-16ED-4E8B-920A-11CCE7448DED}.Release|Any CPU.ActiveCfg = Release|Any CPU
		{FB560D60-16ED-4E8B-920A-11CCE7448DED}.Release|Any CPU.Build.0 = Release|Any CPU
		{B8D5D8C0-335D-40D0-B11E-C570C9AD33E7}.Debug|Any CPU.ActiveCfg = Debug|Any CPU
		{B8D5D8C0-335D-40D0-B11E-C570C9AD33E7}.Debug|Any CPU.Build.0 = Debug|Any CPU
		{B8D5D8C0-335D-40D0-B11E-C570C9AD33E7}.Release|Any CPU.ActiveCfg = Release|Any CPU
		{B8D5D8C0-335D-40D0-B11E-C570C9AD33E7}.Release|Any CPU.Build.0 = Release|Any CPU
		{430D4233-899D-4AF0-8B95-69F2A6C08B58}.Debug|Any CPU.ActiveCfg = Debug|Any CPU
		{430D4233-899D-4AF0-8B95-69F2A6C08B58}.Debug|Any CPU.Build.0 = Debug|Any CPU
		{430D4233-899D-4AF0-8B95-69F2A6C08B58}.Release|Any CPU.ActiveCfg = Release|Any CPU
		{430D4233-899D-4AF0-8B95-69F2A6C08B58}.Release|Any CPU.Build.0 = Release|Any CPU
		{564C6F86-A04E-41CD-A8E0-8A922C2328C2}.Debug|Any CPU.ActiveCfg = Debug|Any CPU
		{564C6F86-A04E-41CD-A8E0-8A922C2328C2}.Debug|Any CPU.Build.0 = Debug|Any CPU
		{564C6F86-A04E-41CD-A8E0-8A922C2328C2}.Release|Any CPU.ActiveCfg = Release|Any CPU
		{564C6F86-A04E-41CD-A8E0-8A922C2328C2}.Release|Any CPU.Build.0 = Release|Any CPU
		{31BE4180-070D-406F-AC92-6B1FBFBA076D}.Debug|Any CPU.ActiveCfg = Debug|Any CPU
		{31BE4180-070D-406F-AC92-6B1FBFBA076D}.Debug|Any CPU.Build.0 = Debug|Any CPU
		{31BE4180-070D-406F-AC92-6B1FBFBA076D}.Release|Any CPU.ActiveCfg = Release|Any CPU
		{31BE4180-070D-406F-AC92-6B1FBFBA076D}.Release|Any CPU.Build.0 = Release|Any CPU
		{64F8B9EB-919D-4685-8D78-D07575D0AB09}.Debug|Any CPU.ActiveCfg = Debug|Any CPU
		{64F8B9EB-919D-4685-8D78-D07575D0AB09}.Debug|Any CPU.Build.0 = Debug|Any CPU
		{64F8B9EB-919D-4685-8D78-D07575D0AB09}.Release|Any CPU.ActiveCfg = Release|Any CPU
		{64F8B9EB-919D-4685-8D78-D07575D0AB09}.Release|Any CPU.Build.0 = Release|Any CPU
		{86F436DB-8B7B-4DAA-A81E-8279BD4524AE}.Debug|Any CPU.ActiveCfg = Debug|Any CPU
		{86F436DB-8B7B-4DAA-A81E-8279BD4524AE}.Debug|Any CPU.Build.0 = Debug|Any CPU
		{86F436DB-8B7B-4DAA-A81E-8279BD4524AE}.Release|Any CPU.ActiveCfg = Release|Any CPU
		{86F436DB-8B7B-4DAA-A81E-8279BD4524AE}.Release|Any CPU.Build.0 = Release|Any CPU
		{D3DFEDB2-3ED8-4384-AEE4-3399E6E7392A}.Debug|Any CPU.ActiveCfg = Debug|Any CPU
		{D3DFEDB2-3ED8-4384-AEE4-3399E6E7392A}.Debug|Any CPU.Build.0 = Debug|Any CPU
		{D3DFEDB2-3ED8-4384-AEE4-3399E6E7392A}.Release|Any CPU.ActiveCfg = Release|Any CPU
		{D3DFEDB2-3ED8-4384-AEE4-3399E6E7392A}.Release|Any CPU.Build.0 = Release|Any CPU
		{03CA988F-8413-4F46-A1DB-F93E266494C7}.Debug|Any CPU.ActiveCfg = Debug|Any CPU
		{03CA988F-8413-4F46-A1DB-F93E266494C7}.Debug|Any CPU.Build.0 = Debug|Any CPU
		{03CA988F-8413-4F46-A1DB-F93E266494C7}.Release|Any CPU.ActiveCfg = Release|Any CPU
		{03CA988F-8413-4F46-A1DB-F93E266494C7}.Release|Any CPU.Build.0 = Release|Any CPU
		{7443F4D3-43A5-415F-A941-14B089192D24}.Debug|Any CPU.ActiveCfg = Debug|Any CPU
		{7443F4D3-43A5-415F-A941-14B089192D24}.Debug|Any CPU.Build.0 = Debug|Any CPU
		{7443F4D3-43A5-415F-A941-14B089192D24}.Release|Any CPU.ActiveCfg = Release|Any CPU
		{7443F4D3-43A5-415F-A941-14B089192D24}.Release|Any CPU.Build.0 = Release|Any CPU
		{27F8FC30-F1C3-4B7C-8D8D-79511C43CC10}.Debug|Any CPU.ActiveCfg = Debug|Any CPU
		{27F8FC30-F1C3-4B7C-8D8D-79511C43CC10}.Debug|Any CPU.Build.0 = Debug|Any CPU
		{27F8FC30-F1C3-4B7C-8D8D-79511C43CC10}.Release|Any CPU.ActiveCfg = Release|Any CPU
		{27F8FC30-F1C3-4B7C-8D8D-79511C43CC10}.Release|Any CPU.Build.0 = Release|Any CPU
		{B9D049BD-202D-497C-BE3C-E940E71A65E7}.Debug|Any CPU.ActiveCfg = Debug|Any CPU
		{B9D049BD-202D-497C-BE3C-E940E71A65E7}.Debug|Any CPU.Build.0 = Debug|Any CPU
		{B9D049BD-202D-497C-BE3C-E940E71A65E7}.Release|Any CPU.ActiveCfg = Release|Any CPU
		{B9D049BD-202D-497C-BE3C-E940E71A65E7}.Release|Any CPU.Build.0 = Release|Any CPU
		{165ACD32-1DE9-4688-9917-4FC007CC79AF}.Debug|Any CPU.ActiveCfg = Debug|Any CPU
		{165ACD32-1DE9-4688-9917-4FC007CC79AF}.Debug|Any CPU.Build.0 = Debug|Any CPU
		{165ACD32-1DE9-4688-9917-4FC007CC79AF}.Release|Any CPU.ActiveCfg = Release|Any CPU
		{165ACD32-1DE9-4688-9917-4FC007CC79AF}.Release|Any CPU.Build.0 = Release|Any CPU
		{F64FFA63-31FB-44D4-A27D-1A8A95376E86}.Debug|Any CPU.ActiveCfg = Debug|Any CPU
		{F64FFA63-31FB-44D4-A27D-1A8A95376E86}.Debug|Any CPU.Build.0 = Debug|Any CPU
		{F64FFA63-31FB-44D4-A27D-1A8A95376E86}.Release|Any CPU.ActiveCfg = Release|Any CPU
		{F64FFA63-31FB-44D4-A27D-1A8A95376E86}.Release|Any CPU.Build.0 = Release|Any CPU
		{AF2F1F9F-BCE7-4CB7-9561-B91F1A3B5514}.Debug|Any CPU.ActiveCfg = Debug|Any CPU
		{AF2F1F9F-BCE7-4CB7-9561-B91F1A3B5514}.Debug|Any CPU.Build.0 = Debug|Any CPU
		{AF2F1F9F-BCE7-4CB7-9561-B91F1A3B5514}.Release|Any CPU.ActiveCfg = Release|Any CPU
		{AF2F1F9F-BCE7-4CB7-9561-B91F1A3B5514}.Release|Any CPU.Build.0 = Release|Any CPU
		{0849740F-ECB7-4852-A653-FCDCFA7BB37E}.Debug|Any CPU.ActiveCfg = Debug|Any CPU
		{0849740F-ECB7-4852-A653-FCDCFA7BB37E}.Debug|Any CPU.Build.0 = Debug|Any CPU
		{0849740F-ECB7-4852-A653-FCDCFA7BB37E}.Release|Any CPU.ActiveCfg = Release|Any CPU
		{0849740F-ECB7-4852-A653-FCDCFA7BB37E}.Release|Any CPU.Build.0 = Release|Any CPU
		{4A7FA292-5725-4563-9670-719EE1F7CA36}.Debug|Any CPU.ActiveCfg = Debug|Any CPU
		{4A7FA292-5725-4563-9670-719EE1F7CA36}.Debug|Any CPU.Build.0 = Debug|Any CPU
		{4A7FA292-5725-4563-9670-719EE1F7CA36}.Release|Any CPU.ActiveCfg = Release|Any CPU
		{4A7FA292-5725-4563-9670-719EE1F7CA36}.Release|Any CPU.Build.0 = Release|Any CPU
		{3463A3E6-0313-4885-9DEB-AE4448E8AF41}.Debug|Any CPU.ActiveCfg = Debug|Any CPU
		{3463A3E6-0313-4885-9DEB-AE4448E8AF41}.Debug|Any CPU.Build.0 = Debug|Any CPU
		{3463A3E6-0313-4885-9DEB-AE4448E8AF41}.Release|Any CPU.ActiveCfg = Release|Any CPU
		{3463A3E6-0313-4885-9DEB-AE4448E8AF41}.Release|Any CPU.Build.0 = Release|Any CPU
	EndGlobalSection
	GlobalSection(SolutionProperties) = preSolution
		HideSolutionNode = FALSE
	EndGlobalSection
	GlobalSection(ExtensibilityGlobals) = postSolution
		SolutionGuid = {4F7CE832-9BD4-4CEF-A253-E843D7DE2951}
	EndGlobalSection
EndGlobal
