
Microsoft Visual Studio Solution File, Format Version 12.00
# Visual Studio Version 16
VisualStudioVersion = 16.0.30523.141
MinimumVisualStudioVersion = 10.0.40219.1
Project("{FAE04EC0-301F-11D3-BF4B-00C04F79EFBC}") = "CodeWars", "CodeWars.csproj", "{694EA7FB-D4B1-46B2-9773-6BB005221219}"
EndProject
Global
	GlobalSection(SolutionConfigurationPlatforms) = preSolution
		Debug|Any CPU = Debug|Any CPU
		Release|Any CPU = Release|Any CPU
	EndGlobalSection
	GlobalSection(ProjectConfigurationPlatforms) = postSolution
		{694EA7FB-D4B1-46B2-9773-6BB005221219}.Debug|Any CPU.ActiveCfg = Debug|Any CPU
		{694EA7FB-D4B1-46B2-9773-6BB005221219}.Debug|Any CPU.Build.0 = Debug|Any CPU
		{694EA7FB-D4B1-46B2-9773-6BB005221219}.Release|Any CPU.ActiveCfg = Release|Any CPU
		{694EA7FB-D4B1-46B2-9773-6BB005221219}.Release|Any CPU.Build.0 = Release|Any CPU
	EndGlobalSection
	GlobalSection(SolutionProperties) = preSolution
		HideSolutionNode = FALSE
	EndGlobalSection
	GlobalSection(ExtensibilityGlobals) = postSolution
		SolutionGuid = {4F7CE832-9BD4-4CEF-A253-E843D7DE2951}
	EndGlobalSection
EndGlobal
