
Microsoft Visual Studio Solution File, Format Version 12.00
# Visual Studio Version 16
VisualStudioVersion = 16.0.30523.141
MinimumVisualStudioVersion = 10.0.40219.1
Project("{9A19103F-16F7-4668-BE54-9A1E7A4F7556}") = "You're a square", "You're a square\You're a square.csproj", "{5CA03EFB-A22B-4BE9-B565-BE60D9B755AC}"
EndProject
Project("{9A19103F-16F7-4668-BE54-9A1E7A4F7556}") = "Regex validate PIN code", "Regex validate PIN code\Regex validate PIN code.csproj", "{2904894C-1CE1-4ED8-950D-EBBF59E66991}"
EndProject
Project("{9A19103F-16F7-4668-BE54-9A1E7A4F7556}") = "Bit Counting", "Bit Counting\Bit Counting.csproj", "{5CB8A23B-3CB8-4AE9-88DC-47C2BCC71832}"
EndProject
Project("{9A19103F-16F7-4668-BE54-9A1E7A4F7556}") = "Find the parity outlier", "Find the parity outlier\Find the parity outlier.csproj", "{9FD3BE93-44D7-4E52-BF51-D1ED42EFDB0F}"
EndProject
Project("{9A19103F-16F7-4668-BE54-9A1E7A4F7556}") = "Take a ten minutes walk", "Take a ten minutes walk\Take a ten minutes walk.csproj", "{C7024BDB-7B97-4659-98B6-60B40BA5B0A7}"
EndProject
Project("{9A19103F-16F7-4668-BE54-9A1E7A4F7556}") = "Sum of digits Digital root", "Sum of digits Digital root\Sum of digits Digital root.csproj", "{5A27A0E2-2FB9-410D-855D-26909B4DE205}"
EndProject
Project("{9A19103F-16F7-4668-BE54-9A1E7A4F7556}") = "Convert string to camel case", "Convert string to camel case\Convert string to camel case.csproj", "{E5FA2C5D-5049-42FD-9950-8C53A8C962EA}"
EndProject
Project("{9A19103F-16F7-4668-BE54-9A1E7A4F7556}") = "Delete occurrences of an element if it occurs more than n times", "Delete occurrences of an element if it occurs more than n times\Delete occurrences of an element if it occurs more than n times.csproj", "{1D86765A-0520-4E6C-89AD-17D19EC4A7D6}"
EndProject
Project("{9A19103F-16F7-4668-BE54-9A1E7A4F7556}") = "Greed Is Good", "Greed Is Good\Greed Is Good.csproj", "{382C4A97-F369-4DF0-AA4B-A6F56190E652}"
EndProject
Project("{9A19103F-16F7-4668-BE54-9A1E7A4F7556}") = "Unique In Order", "Unique In Order\Unique In Order.csproj", "{4C6BA641-6815-4961-97A9-CD1D08D192C8}"
EndProject
Project("{9A19103F-16F7-4668-BE54-9A1E7A4F7556}") = "Permutations", "Permutations\Permutations.csproj", "{9F3EB2E8-15EB-4629-88E4-16E989E18F9F}"
EndProject
Project("{9A19103F-16F7-4668-BE54-9A1E7A4F7556}") = "Valid Parentheses", "Valid Parentheses\Valid Parentheses.csproj", "{61782AAF-1954-47BD-AB1C-D3A2921CB4BE}"
EndProject
Project("{9A19103F-16F7-4668-BE54-9A1E7A4F7556}") = "Josephus Survivor", "Josephus Survivor\Josephus Survivor.csproj", "{725989DF-F1B6-4881-B4B0-6594A52DB2CB}"
EndProject
Project("{9A19103F-16F7-4668-BE54-9A1E7A4F7556}") = "Scramblies", "Scramblies\Scramblies.csproj", "{81698621-E7A3-41E7-A0EB-C3DA10F064D6}"
EndProject
Project("{9A19103F-16F7-4668-BE54-9A1E7A4F7556}") = "Convert PascalCase string into snake_case", "Convert PascalCase string into snake_case\Convert PascalCase string into snake_case.csproj", "{DB1BC8AF-0206-4FB9-8701-0E1E57829125}"
EndProject
Project("{9A19103F-16F7-4668-BE54-9A1E7A4F7556}") = "Twice linear", "Twice linear\Twice linear.csproj", "{482B27AA-2FC4-4491-AE37-EA745896F164}"
EndProject
Project("{9A19103F-16F7-4668-BE54-9A1E7A4F7556}") = "First non-repeating character", "First non-repeating character\First non-repeating character.csproj", "{7AECC0A0-2056-4A56-8519-358FCBF5620E}"
EndProject
Project("{9A19103F-16F7-4668-BE54-9A1E7A4F7556}") = "Rot13", "Rot13\Rot13.csproj", "{66B9D1A0-56D6-4858-9165-B4F927121C91}"
EndProject
Project("{9A19103F-16F7-4668-BE54-9A1E7A4F7556}") = "What's a Perfect Power anyway", "What's a Perfect Power anyway\What's a Perfect Power anyway.csproj", "{E18A1DA0-13A0-47F7-897A-5FB0E45CA791}"
EndProject
Project("{9A19103F-16F7-4668-BE54-9A1E7A4F7556}") = "Double Cola", "Double Cola\Double Cola.csproj", "{0B9C405A-898A-4AE9-AB92-B9797248541C}"
EndProject
Project("{9A19103F-16F7-4668-BE54-9A1E7A4F7556}") = "Sudoku Solution Validator", "Sudoku Solution Validator\Sudoku Solution Validator.csproj", "{38C036F6-44CE-453A-B34D-0693D8B72DCE}"
EndProject
Project("{9A19103F-16F7-4668-BE54-9A1E7A4F7556}") = "Range Exctraction", "Range Exctraction\Range Exctraction.csproj", "{4685B603-B561-4FB1-94DD-D597E9AA79ED}"
EndProject
Project("{9A19103F-16F7-4668-BE54-9A1E7A4F7556}") = "Spoonerize Me", "Spoonerize Me\Spoonerize Me.csproj", "{6387EAAB-034E-4920-B7EF-E3C6CC0C2E4F}"
EndProject
Project("{9A19103F-16F7-4668-BE54-9A1E7A4F7556}") = "Transportation on vacation", "Transportation on vacation\Transportation on vacation.csproj", "{A4C5684B-5754-41E7-88D0-3877290E4C0E}"
EndProject
Project("{9A19103F-16F7-4668-BE54-9A1E7A4F7556}") = "Century From Year", "Century From Year\Century From Year.csproj", "{E51E5B1D-698A-465C-82F4-9E406819A369}"
EndProject
Project("{9A19103F-16F7-4668-BE54-9A1E7A4F7556}") = "Fake Binary", "Fake Binary\Fake Binary.csproj", "{DF17DD2F-9BA0-49E8-8C32-7C0AFB7ACA30}"
EndProject
Project("{9A19103F-16F7-4668-BE54-9A1E7A4F7556}") = "Hells Kitchen", "Hells Kitchen\Hells Kitchen.csproj", "{2A600906-CAF6-456D-8F28-BDF4CB4BC968}"
EndProject
Project("{9A19103F-16F7-4668-BE54-9A1E7A4F7556}") = "Switcheroo", "Switcheroo\Switcheroo.csproj", "{5306733E-E575-47A7-B44B-4BD65490F9E2}"
EndProject
Project("{9A19103F-16F7-4668-BE54-9A1E7A4F7556}") = "Odd Or Even", "Odd Or Even\Odd Or Even.csproj", "{4DC8A201-40E9-46B8-AC2C-AFDEC5ADF0C9}"
EndProject
Project("{9A19103F-16F7-4668-BE54-9A1E7A4F7556}") = "Descending Order", "Descending Order\Descending Order.csproj", "{F2250EEA-D275-4EEF-949F-CF50DD20FD41}"
EndProject
Project("{9A19103F-16F7-4668-BE54-9A1E7A4F7556}") = "Alphabet War", "Alphabet War\Alphabet War.csproj", "{1A36CBF2-8097-49B7-BC8A-E5DA66FA0062}"
EndProject
Project("{FAE04EC0-301F-11D3-BF4B-00C04F79EFBC}") = "Average of numbers", "Average of numbers\Average of numbers.csproj", "{FBF33545-74C8-41C0-B69A-BCEFA92B03B6}"
EndProject
Project("{FAE04EC0-301F-11D3-BF4B-00C04F79EFBC}") = "Get the integers between two numbers", "Get the integers between two numbers\Get the integers between two numbers.csproj", "{2E3A78B7-29B3-4FD4-9124-CA75C33F7965}"
EndProject
Project("{FAE04EC0-301F-11D3-BF4B-00C04F79EFBC}") = "The old switcheroo", "The old switcheroo\The old switcheroo.csproj", "{CEEEB662-D819-4D02-872F-0F9C80E98DC6}"
EndProject
Global
	GlobalSection(SolutionConfigurationPlatforms) = preSolution
		Debug|Any CPU = Debug|Any CPU
		Release|Any CPU = Release|Any CPU
	EndGlobalSection
	GlobalSection(ProjectConfigurationPlatforms) = postSolution
		{5CA03EFB-A22B-4BE9-B565-BE60D9B755AC}.Debug|Any CPU.ActiveCfg = Debug|Any CPU
		{5CA03EFB-A22B-4BE9-B565-BE60D9B755AC}.Debug|Any CPU.Build.0 = Debug|Any CPU
		{5CA03EFB-A22B-4BE9-B565-BE60D9B755AC}.Release|Any CPU.ActiveCfg = Release|Any CPU
		{5CA03EFB-A22B-4BE9-B565-BE60D9B755AC}.Release|Any CPU.Build.0 = Release|Any CPU
		{2904894C-1CE1-4ED8-950D-EBBF59E66991}.Debug|Any CPU.ActiveCfg = Debug|Any CPU
		{2904894C-1CE1-4ED8-950D-EBBF59E66991}.Debug|Any CPU.Build.0 = Debug|Any CPU
		{2904894C-1CE1-4ED8-950D-EBBF59E66991}.Release|Any CPU.ActiveCfg = Release|Any CPU
		{2904894C-1CE1-4ED8-950D-EBBF59E66991}.Release|Any CPU.Build.0 = Release|Any CPU
		{5CB8A23B-3CB8-4AE9-88DC-47C2BCC71832}.Debug|Any CPU.ActiveCfg = Debug|Any CPU
		{5CB8A23B-3CB8-4AE9-88DC-47C2BCC71832}.Debug|Any CPU.Build.0 = Debug|Any CPU
		{5CB8A23B-3CB8-4AE9-88DC-47C2BCC71832}.Release|Any CPU.ActiveCfg = Release|Any CPU
		{5CB8A23B-3CB8-4AE9-88DC-47C2BCC71832}.Release|Any CPU.Build.0 = Release|Any CPU
		{9FD3BE93-44D7-4E52-BF51-D1ED42EFDB0F}.Debug|Any CPU.ActiveCfg = Debug|Any CPU
		{9FD3BE93-44D7-4E52-BF51-D1ED42EFDB0F}.Debug|Any CPU.Build.0 = Debug|Any CPU
		{9FD3BE93-44D7-4E52-BF51-D1ED42EFDB0F}.Release|Any CPU.ActiveCfg = Release|Any CPU
		{9FD3BE93-44D7-4E52-BF51-D1ED42EFDB0F}.Release|Any CPU.Build.0 = Release|Any CPU
		{C7024BDB-7B97-4659-98B6-60B40BA5B0A7}.Debug|Any CPU.ActiveCfg = Debug|Any CPU
		{C7024BDB-7B97-4659-98B6-60B40BA5B0A7}.Debug|Any CPU.Build.0 = Debug|Any CPU
		{C7024BDB-7B97-4659-98B6-60B40BA5B0A7}.Release|Any CPU.ActiveCfg = Release|Any CPU
		{C7024BDB-7B97-4659-98B6-60B40BA5B0A7}.Release|Any CPU.Build.0 = Release|Any CPU
		{5A27A0E2-2FB9-410D-855D-26909B4DE205}.Debug|Any CPU.ActiveCfg = Debug|Any CPU
		{5A27A0E2-2FB9-410D-855D-26909B4DE205}.Debug|Any CPU.Build.0 = Debug|Any CPU
		{5A27A0E2-2FB9-410D-855D-26909B4DE205}.Release|Any CPU.ActiveCfg = Release|Any CPU
		{5A27A0E2-2FB9-410D-855D-26909B4DE205}.Release|Any CPU.Build.0 = Release|Any CPU
		{E5FA2C5D-5049-42FD-9950-8C53A8C962EA}.Debug|Any CPU.ActiveCfg = Debug|Any CPU
		{E5FA2C5D-5049-42FD-9950-8C53A8C962EA}.Debug|Any CPU.Build.0 = Debug|Any CPU
		{E5FA2C5D-5049-42FD-9950-8C53A8C962EA}.Release|Any CPU.ActiveCfg = Release|Any CPU
		{E5FA2C5D-5049-42FD-9950-8C53A8C962EA}.Release|Any CPU.Build.0 = Release|Any CPU
		{1D86765A-0520-4E6C-89AD-17D19EC4A7D6}.Debug|Any CPU.ActiveCfg = Debug|Any CPU
		{1D86765A-0520-4E6C-89AD-17D19EC4A7D6}.Debug|Any CPU.Build.0 = Debug|Any CPU
		{1D86765A-0520-4E6C-89AD-17D19EC4A7D6}.Release|Any CPU.ActiveCfg = Release|Any CPU
		{1D86765A-0520-4E6C-89AD-17D19EC4A7D6}.Release|Any CPU.Build.0 = Release|Any CPU
		{382C4A97-F369-4DF0-AA4B-A6F56190E652}.Debug|Any CPU.ActiveCfg = Debug|Any CPU
		{382C4A97-F369-4DF0-AA4B-A6F56190E652}.Debug|Any CPU.Build.0 = Debug|Any CPU
		{382C4A97-F369-4DF0-AA4B-A6F56190E652}.Release|Any CPU.ActiveCfg = Release|Any CPU
		{382C4A97-F369-4DF0-AA4B-A6F56190E652}.Release|Any CPU.Build.0 = Release|Any CPU
		{4C6BA641-6815-4961-97A9-CD1D08D192C8}.Debug|Any CPU.ActiveCfg = Debug|Any CPU
		{4C6BA641-6815-4961-97A9-CD1D08D192C8}.Debug|Any CPU.Build.0 = Debug|Any CPU
		{4C6BA641-6815-4961-97A9-CD1D08D192C8}.Release|Any CPU.ActiveCfg = Release|Any CPU
		{4C6BA641-6815-4961-97A9-CD1D08D192C8}.Release|Any CPU.Build.0 = Release|Any CPU
		{9F3EB2E8-15EB-4629-88E4-16E989E18F9F}.Debug|Any CPU.ActiveCfg = Debug|Any CPU
		{9F3EB2E8-15EB-4629-88E4-16E989E18F9F}.Debug|Any CPU.Build.0 = Debug|Any CPU
		{9F3EB2E8-15EB-4629-88E4-16E989E18F9F}.Release|Any CPU.ActiveCfg = Release|Any CPU
		{9F3EB2E8-15EB-4629-88E4-16E989E18F9F}.Release|Any CPU.Build.0 = Release|Any CPU
		{61782AAF-1954-47BD-AB1C-D3A2921CB4BE}.Debug|Any CPU.ActiveCfg = Debug|Any CPU
		{61782AAF-1954-47BD-AB1C-D3A2921CB4BE}.Debug|Any CPU.Build.0 = Debug|Any CPU
		{61782AAF-1954-47BD-AB1C-D3A2921CB4BE}.Release|Any CPU.ActiveCfg = Release|Any CPU
		{61782AAF-1954-47BD-AB1C-D3A2921CB4BE}.Release|Any CPU.Build.0 = Release|Any CPU
		{725989DF-F1B6-4881-B4B0-6594A52DB2CB}.Debug|Any CPU.ActiveCfg = Debug|Any CPU
		{725989DF-F1B6-4881-B4B0-6594A52DB2CB}.Debug|Any CPU.Build.0 = Debug|Any CPU
		{725989DF-F1B6-4881-B4B0-6594A52DB2CB}.Release|Any CPU.ActiveCfg = Release|Any CPU
		{725989DF-F1B6-4881-B4B0-6594A52DB2CB}.Release|Any CPU.Build.0 = Release|Any CPU
		{81698621-E7A3-41E7-A0EB-C3DA10F064D6}.Debug|Any CPU.ActiveCfg = Debug|Any CPU
		{81698621-E7A3-41E7-A0EB-C3DA10F064D6}.Debug|Any CPU.Build.0 = Debug|Any CPU
		{81698621-E7A3-41E7-A0EB-C3DA10F064D6}.Release|Any CPU.ActiveCfg = Release|Any CPU
		{81698621-E7A3-41E7-A0EB-C3DA10F064D6}.Release|Any CPU.Build.0 = Release|Any CPU
		{DB1BC8AF-0206-4FB9-8701-0E1E57829125}.Debug|Any CPU.ActiveCfg = Debug|Any CPU
		{DB1BC8AF-0206-4FB9-8701-0E1E57829125}.Debug|Any CPU.Build.0 = Debug|Any CPU
		{DB1BC8AF-0206-4FB9-8701-0E1E57829125}.Release|Any CPU.ActiveCfg = Release|Any CPU
		{DB1BC8AF-0206-4FB9-8701-0E1E57829125}.Release|Any CPU.Build.0 = Release|Any CPU
		{482B27AA-2FC4-4491-AE37-EA745896F164}.Debug|Any CPU.ActiveCfg = Debug|Any CPU
		{482B27AA-2FC4-4491-AE37-EA745896F164}.Debug|Any CPU.Build.0 = Debug|Any CPU
		{482B27AA-2FC4-4491-AE37-EA745896F164}.Release|Any CPU.ActiveCfg = Release|Any CPU
		{482B27AA-2FC4-4491-AE37-EA745896F164}.Release|Any CPU.Build.0 = Release|Any CPU
		{7AECC0A0-2056-4A56-8519-358FCBF5620E}.Debug|Any CPU.ActiveCfg = Debug|Any CPU
		{7AECC0A0-2056-4A56-8519-358FCBF5620E}.Debug|Any CPU.Build.0 = Debug|Any CPU
		{7AECC0A0-2056-4A56-8519-358FCBF5620E}.Release|Any CPU.ActiveCfg = Release|Any CPU
		{7AECC0A0-2056-4A56-8519-358FCBF5620E}.Release|Any CPU.Build.0 = Release|Any CPU
		{66B9D1A0-56D6-4858-9165-B4F927121C91}.Debug|Any CPU.ActiveCfg = Debug|Any CPU
		{66B9D1A0-56D6-4858-9165-B4F927121C91}.Debug|Any CPU.Build.0 = Debug|Any CPU
		{66B9D1A0-56D6-4858-9165-B4F927121C91}.Release|Any CPU.ActiveCfg = Release|Any CPU
		{66B9D1A0-56D6-4858-9165-B4F927121C91}.Release|Any CPU.Build.0 = Release|Any CPU
		{E18A1DA0-13A0-47F7-897A-5FB0E45CA791}.Debug|Any CPU.ActiveCfg = Debug|Any CPU
		{E18A1DA0-13A0-47F7-897A-5FB0E45CA791}.Debug|Any CPU.Build.0 = Debug|Any CPU
		{E18A1DA0-13A0-47F7-897A-5FB0E45CA791}.Release|Any CPU.ActiveCfg = Release|Any CPU
		{E18A1DA0-13A0-47F7-897A-5FB0E45CA791}.Release|Any CPU.Build.0 = Release|Any CPU
		{0B9C405A-898A-4AE9-AB92-B9797248541C}.Debug|Any CPU.ActiveCfg = Debug|Any CPU
		{0B9C405A-898A-4AE9-AB92-B9797248541C}.Debug|Any CPU.Build.0 = Debug|Any CPU
		{0B9C405A-898A-4AE9-AB92-B9797248541C}.Release|Any CPU.ActiveCfg = Release|Any CPU
		{0B9C405A-898A-4AE9-AB92-B9797248541C}.Release|Any CPU.Build.0 = Release|Any CPU
		{38C036F6-44CE-453A-B34D-0693D8B72DCE}.Debug|Any CPU.ActiveCfg = Debug|Any CPU
		{38C036F6-44CE-453A-B34D-0693D8B72DCE}.Debug|Any CPU.Build.0 = Debug|Any CPU
		{38C036F6-44CE-453A-B34D-0693D8B72DCE}.Release|Any CPU.ActiveCfg = Release|Any CPU
		{38C036F6-44CE-453A-B34D-0693D8B72DCE}.Release|Any CPU.Build.0 = Release|Any CPU
		{4685B603-B561-4FB1-94DD-D597E9AA79ED}.Debug|Any CPU.ActiveCfg = Debug|Any CPU
		{4685B603-B561-4FB1-94DD-D597E9AA79ED}.Debug|Any CPU.Build.0 = Debug|Any CPU
		{4685B603-B561-4FB1-94DD-D597E9AA79ED}.Release|Any CPU.ActiveCfg = Release|Any CPU
		{4685B603-B561-4FB1-94DD-D597E9AA79ED}.Release|Any CPU.Build.0 = Release|Any CPU
		{6387EAAB-034E-4920-B7EF-E3C6CC0C2E4F}.Debug|Any CPU.ActiveCfg = Debug|Any CPU
		{6387EAAB-034E-4920-B7EF-E3C6CC0C2E4F}.Debug|Any CPU.Build.0 = Debug|Any CPU
		{6387EAAB-034E-4920-B7EF-E3C6CC0C2E4F}.Release|Any CPU.ActiveCfg = Release|Any CPU
		{6387EAAB-034E-4920-B7EF-E3C6CC0C2E4F}.Release|Any CPU.Build.0 = Release|Any CPU
		{A4C5684B-5754-41E7-88D0-3877290E4C0E}.Debug|Any CPU.ActiveCfg = Debug|Any CPU
		{A4C5684B-5754-41E7-88D0-3877290E4C0E}.Debug|Any CPU.Build.0 = Debug|Any CPU
		{A4C5684B-5754-41E7-88D0-3877290E4C0E}.Release|Any CPU.ActiveCfg = Release|Any CPU
		{A4C5684B-5754-41E7-88D0-3877290E4C0E}.Release|Any CPU.Build.0 = Release|Any CPU
		{E51E5B1D-698A-465C-82F4-9E406819A369}.Debug|Any CPU.ActiveCfg = Debug|Any CPU
		{E51E5B1D-698A-465C-82F4-9E406819A369}.Debug|Any CPU.Build.0 = Debug|Any CPU
		{E51E5B1D-698A-465C-82F4-9E406819A369}.Release|Any CPU.ActiveCfg = Release|Any CPU
		{E51E5B1D-698A-465C-82F4-9E406819A369}.Release|Any CPU.Build.0 = Release|Any CPU
		{DF17DD2F-9BA0-49E8-8C32-7C0AFB7ACA30}.Debug|Any CPU.ActiveCfg = Debug|Any CPU
		{DF17DD2F-9BA0-49E8-8C32-7C0AFB7ACA30}.Debug|Any CPU.Build.0 = Debug|Any CPU
		{DF17DD2F-9BA0-49E8-8C32-7C0AFB7ACA30}.Release|Any CPU.ActiveCfg = Release|Any CPU
		{DF17DD2F-9BA0-49E8-8C32-7C0AFB7ACA30}.Release|Any CPU.Build.0 = Release|Any CPU
		{2A600906-CAF6-456D-8F28-BDF4CB4BC968}.Debug|Any CPU.ActiveCfg = Debug|Any CPU
		{2A600906-CAF6-456D-8F28-BDF4CB4BC968}.Debug|Any CPU.Build.0 = Debug|Any CPU
		{2A600906-CAF6-456D-8F28-BDF4CB4BC968}.Release|Any CPU.ActiveCfg = Release|Any CPU
		{2A600906-CAF6-456D-8F28-BDF4CB4BC968}.Release|Any CPU.Build.0 = Release|Any CPU
		{5306733E-E575-47A7-B44B-4BD65490F9E2}.Debug|Any CPU.ActiveCfg = Debug|Any CPU
		{5306733E-E575-47A7-B44B-4BD65490F9E2}.Debug|Any CPU.Build.0 = Debug|Any CPU
		{5306733E-E575-47A7-B44B-4BD65490F9E2}.Release|Any CPU.ActiveCfg = Release|Any CPU
		{5306733E-E575-47A7-B44B-4BD65490F9E2}.Release|Any CPU.Build.0 = Release|Any CPU
		{4DC8A201-40E9-46B8-AC2C-AFDEC5ADF0C9}.Debug|Any CPU.ActiveCfg = Debug|Any CPU
		{4DC8A201-40E9-46B8-AC2C-AFDEC5ADF0C9}.Debug|Any CPU.Build.0 = Debug|Any CPU
		{4DC8A201-40E9-46B8-AC2C-AFDEC5ADF0C9}.Release|Any CPU.ActiveCfg = Release|Any CPU
		{4DC8A201-40E9-46B8-AC2C-AFDEC5ADF0C9}.Release|Any CPU.Build.0 = Release|Any CPU
		{F2250EEA-D275-4EEF-949F-CF50DD20FD41}.Debug|Any CPU.ActiveCfg = Debug|Any CPU
		{F2250EEA-D275-4EEF-949F-CF50DD20FD41}.Debug|Any CPU.Build.0 = Debug|Any CPU
		{F2250EEA-D275-4EEF-949F-CF50DD20FD41}.Release|Any CPU.ActiveCfg = Release|Any CPU
		{F2250EEA-D275-4EEF-949F-CF50DD20FD41}.Release|Any CPU.Build.0 = Release|Any CPU
		{1A36CBF2-8097-49B7-BC8A-E5DA66FA0062}.Debug|Any CPU.ActiveCfg = Debug|Any CPU
		{1A36CBF2-8097-49B7-BC8A-E5DA66FA0062}.Debug|Any CPU.Build.0 = Debug|Any CPU
		{1A36CBF2-8097-49B7-BC8A-E5DA66FA0062}.Release|Any CPU.ActiveCfg = Release|Any CPU
		{1A36CBF2-8097-49B7-BC8A-E5DA66FA0062}.Release|Any CPU.Build.0 = Release|Any CPU
		{FBF33545-74C8-41C0-B69A-BCEFA92B03B6}.Debug|Any CPU.ActiveCfg = Debug|Any CPU
		{FBF33545-74C8-41C0-B69A-BCEFA92B03B6}.Debug|Any CPU.Build.0 = Debug|Any CPU
		{FBF33545-74C8-41C0-B69A-BCEFA92B03B6}.Release|Any CPU.ActiveCfg = Release|Any CPU
		{FBF33545-74C8-41C0-B69A-BCEFA92B03B6}.Release|Any CPU.Build.0 = Release|Any CPU
		{2E3A78B7-29B3-4FD4-9124-CA75C33F7965}.Debug|Any CPU.ActiveCfg = Debug|Any CPU
		{2E3A78B7-29B3-4FD4-9124-CA75C33F7965}.Debug|Any CPU.Build.0 = Debug|Any CPU
		{2E3A78B7-29B3-4FD4-9124-CA75C33F7965}.Release|Any CPU.ActiveCfg = Release|Any CPU
		{2E3A78B7-29B3-4FD4-9124-CA75C33F7965}.Release|Any CPU.Build.0 = Release|Any CPU
		{CEEEB662-D819-4D02-872F-0F9C80E98DC6}.Debug|Any CPU.ActiveCfg = Debug|Any CPU
		{CEEEB662-D819-4D02-872F-0F9C80E98DC6}.Debug|Any CPU.Build.0 = Debug|Any CPU
		{CEEEB662-D819-4D02-872F-0F9C80E98DC6}.Release|Any CPU.ActiveCfg = Release|Any CPU
		{CEEEB662-D819-4D02-872F-0F9C80E98DC6}.Release|Any CPU.Build.0 = Release|Any CPU
	EndGlobalSection
	GlobalSection(SolutionProperties) = preSolution
		HideSolutionNode = FALSE
	EndGlobalSection
	GlobalSection(ExtensibilityGlobals) = postSolution
		SolutionGuid = {4F7CE832-9BD4-4CEF-A253-E843D7DE2951}
	EndGlobalSection
EndGlobal
